
Microsoft Visual Studio Solution File, Format Version 12.00
# Visual Studio Version 17
VisualStudioVersion = 17.1.32328.378
MinimumVisualStudioVersion = 10.0.40219.1
Project("{2150E333-8FDC-42A3-9474-1A3956D46DE8}") = "app-heads", "app-heads", "{961D0213-0BCB-4CE1-85E2-261F6E272982}"
EndProject
Project("{2150E333-8FDC-42A3-9474-1A3956D46DE8}") = "root", "root", "{8711E408-6454-47A3-889D-3BB97AFDD2DB}"
	ProjectSection(SolutionItems) = preProject
		..\.azure-pipelines-canary.yml = ..\.azure-pipelines-canary.yml
		..\.azure-pipelines.yml = ..\.azure-pipelines.yml
		..\.editorconfig = ..\.editorconfig
		..\.gitignore = ..\.gitignore
		..\Directory.Build.props = ..\Directory.Build.props
		..\nuget.config = ..\nuget.config
		..\stylecop.json = ..\stylecop.json
	EndProjectSection
EndProject
Project("{2150E333-8FDC-42A3-9474-1A3956D46DE8}") = "doc", "doc", "{4A31B4ED-94EB-43BC-91DD-7B142DEB887C}"
	ProjectSection(SolutionItems) = preProject
		..\doc\Architecture.md = ..\doc\Architecture.md
		..\CHANGELOG.md = ..\CHANGELOG.md
		..\doc\Configuration.md = ..\doc\Configuration.md
		..\doc\DependencyInjection.md = ..\doc\DependencyInjection.md
		..\doc\Environments.md = ..\doc\Environments.md
		..\doc\ErrorHandling.md = ..\doc\ErrorHandling.md
		..\doc\HTTP.md = ..\doc\HTTP.md
		..\doc\Localization.md = ..\doc\Localization.md
		..\doc\Logging.md = ..\doc\Logging.md
		..\doc\PlatformSpecifics.md = ..\doc\PlatformSpecifics.md
		..\README.md = ..\README.md
		..\doc\Scheduling.md = ..\doc\Scheduling.md
		..\doc\Serialization.md = ..\doc\Serialization.md
		..\doc\Startup.md = ..\doc\Startup.md
		..\doc\Testing.md = ..\doc\Testing.md
		..\doc\Validation.md = ..\doc\Validation.md
	EndProjectSection
EndProject
Project("{9A19103F-16F7-4668-BE54-9A1E7A4F7556}") = "ApplicationTemplate.Tests.Unit", "app\ApplicationTemplate.Tests.Unit\ApplicationTemplate.Tests.Unit.csproj", "{666B7587-AAB4-485B-AA47-10F58793FA35}"
EndProject
Project("{D954291E-2A0B-460D-934E-DC6B0785DB48}") = "ApplicationTemplate.Views", "app\ApplicationTemplate.Shared.Views\ApplicationTemplate.Views.shproj", "{746587E0-B8E4-4A78-A7EA-DBC356367712}"
EndProject
Project("{9A19103F-16F7-4668-BE54-9A1E7A4F7556}") = "ApplicationTemplate.Access", "app\ApplicationTemplate.Access\ApplicationTemplate.Access.csproj", "{EDCD3803-CFDB-442B-8C2D-E779BCD1178D}"
EndProject
Project("{2150E333-8FDC-42A3-9474-1A3956D46DE8}") = "app-shared", "app-shared", "{D0BDE23D-F91F-4E0B-A38F-538D2605703B}"
EndProject
Project("{9A19103F-16F7-4668-BE54-9A1E7A4F7556}") = "ApplicationTemplate.Business", "app\ApplicationTemplate.Business\ApplicationTemplate.Business.csproj", "{553AF3B8-D5E7-4737-94A5-2ED0B65267E9}"
EndProject
Project("{9A19103F-16F7-4668-BE54-9A1E7A4F7556}") = "ApplicationTemplate.Presentation", "app\ApplicationTemplate.Presentation\ApplicationTemplate.Presentation.csproj", "{AB67372C-6CF2-46A5-BC86-7CD257AF3FF0}"
EndProject
Project("{2150E333-8FDC-42A3-9474-1A3956D46DE8}") = "app-tests", "app-tests", "{13F4CC20-8D55-48F0-BFC6-A50B81EAE026}"
EndProject
Project("{9A19103F-16F7-4668-BE54-9A1E7A4F7556}") = "ApplicationTemplate.Windows", "app\ApplicationTemplate.Windows\ApplicationTemplate.Windows.csproj", "{096FE097-B3C5-4E5B-874F-6A95C648F714}"
	ProjectSection(ProjectDependencies) = postProject
		{553AF3B8-D5E7-4737-94A5-2ED0B65267E9} = {553AF3B8-D5E7-4737-94A5-2ED0B65267E9}
		{AB67372C-6CF2-46A5-BC86-7CD257AF3FF0} = {AB67372C-6CF2-46A5-BC86-7CD257AF3FF0}
		{EDCD3803-CFDB-442B-8C2D-E779BCD1178D} = {EDCD3803-CFDB-442B-8C2D-E779BCD1178D}
	EndProjectSection
EndProject
Project("{9A19103F-16F7-4668-BE54-9A1E7A4F7556}") = "ApplicationTemplate.Mobile", "app\ApplicationTemplate.Mobile\ApplicationTemplate.Mobile.csproj", "{925099B5-4113-4E3E-8CBB-74D3077DF583}"
EndProject
Project("{2150E333-8FDC-42A3-9474-1A3956D46DE8}") = "build", "build", "{6E8378CB-E6FB-4090-9AF5-9D3CD059FECE}"
	ProjectSection(SolutionItems) = preProject
		..\build\canary-merge.yml = ..\build\canary-merge.yml
		..\build\gitversion-config.yml = ..\build\gitversion-config.yml
		..\build\stage-build.yml = ..\build\stage-build.yml
		..\build\stage-release-firebase-app-distribution.yml = ..\build\stage-release-firebase-app-distribution.yml
		..\build\stage-release-appstore.yml = ..\build\stage-release-appstore.yml
		..\build\stage-release-googleplay.yml = ..\build\stage-release-googleplay.yml
		..\build\steps-build-android.yml = ..\build\steps-build-android.yml
		..\build\steps-build-ios.yml = ..\build\steps-build-ios.yml
		..\build\steps-build-release-notes.yml = ..\build\steps-build-release-notes.yml
		..\build\steps-build-tests.yml = ..\build\steps-build-tests.yml
		..\build\steps-build-windows.yml = ..\build\steps-build-windows.yml
		..\build\variables.yml = ..\build\variables.yml
	EndProjectSection
EndProject
Project("{2150E333-8FDC-42A3-9474-1A3956D46DE8}") = "templates", "templates", "{560A7587-83FE-4092-A4CF-508AE33104BF}"
	ProjectSection(SolutionItems) = preProject
		..\build\templates\dotnet-install.yml = ..\build\templates\dotnet-install.yml
		..\build\templates\gitversion.yml = ..\build\templates\gitversion.yml
		..\build\templates\validate-commits.yaml = ..\build\templates\validate-commits.yaml
	EndProjectSection
EndProject
Project("{9A19103F-16F7-4668-BE54-9A1E7A4F7556}") = "ApplicationTemplate.Tests.Functional", "app\ApplicationTemplate.Tests.Functional\ApplicationTemplate.Tests.Functional.csproj", "{9B07CC3A-3D9A-474B-A243-CDD099D20415}"
EndProject
Global
	GlobalSection(SolutionConfigurationPlatforms) = preSolution
		Debug|Any CPU = Debug|Any CPU
		Debug|ARM = Debug|ARM
		Debug|arm64 = Debug|arm64
		Debug|iPhone = Debug|iPhone
		Debug|iPhoneSimulator = Debug|iPhoneSimulator
		Debug|x64 = Debug|x64
		Debug|x86 = Debug|x86
		Release|Any CPU = Release|Any CPU
		Release|ARM = Release|ARM
		Release|arm64 = Release|arm64
		Release|iPhone = Release|iPhone
		Release|iPhoneSimulator = Release|iPhoneSimulator
		Release|x64 = Release|x64
		Release|x86 = Release|x86
	EndGlobalSection
	GlobalSection(ProjectConfigurationPlatforms) = postSolution
		{666B7587-AAB4-485B-AA47-10F58793FA35}.Debug|Any CPU.ActiveCfg = Debug|Any CPU
		{666B7587-AAB4-485B-AA47-10F58793FA35}.Debug|Any CPU.Build.0 = Debug|Any CPU
		{666B7587-AAB4-485B-AA47-10F58793FA35}.Debug|ARM.ActiveCfg = Debug|Any CPU
		{666B7587-AAB4-485B-AA47-10F58793FA35}.Debug|ARM.Build.0 = Debug|Any CPU
		{666B7587-AAB4-485B-AA47-10F58793FA35}.Debug|arm64.ActiveCfg = Debug|Any CPU
		{666B7587-AAB4-485B-AA47-10F58793FA35}.Debug|arm64.Build.0 = Debug|Any CPU
		{666B7587-AAB4-485B-AA47-10F58793FA35}.Debug|iPhone.ActiveCfg = Debug|Any CPU
		{666B7587-AAB4-485B-AA47-10F58793FA35}.Debug|iPhone.Build.0 = Debug|Any CPU
		{666B7587-AAB4-485B-AA47-10F58793FA35}.Debug|iPhoneSimulator.ActiveCfg = Debug|Any CPU
		{666B7587-AAB4-485B-AA47-10F58793FA35}.Debug|iPhoneSimulator.Build.0 = Debug|Any CPU
		{666B7587-AAB4-485B-AA47-10F58793FA35}.Debug|x64.ActiveCfg = Debug|Any CPU
		{666B7587-AAB4-485B-AA47-10F58793FA35}.Debug|x64.Build.0 = Debug|Any CPU
		{666B7587-AAB4-485B-AA47-10F58793FA35}.Debug|x86.ActiveCfg = Debug|Any CPU
		{666B7587-AAB4-485B-AA47-10F58793FA35}.Debug|x86.Build.0 = Debug|Any CPU
		{666B7587-AAB4-485B-AA47-10F58793FA35}.Release|Any CPU.ActiveCfg = Release|Any CPU
		{666B7587-AAB4-485B-AA47-10F58793FA35}.Release|Any CPU.Build.0 = Release|Any CPU
		{666B7587-AAB4-485B-AA47-10F58793FA35}.Release|ARM.ActiveCfg = Release|Any CPU
		{666B7587-AAB4-485B-AA47-10F58793FA35}.Release|ARM.Build.0 = Release|Any CPU
		{666B7587-AAB4-485B-AA47-10F58793FA35}.Release|arm64.ActiveCfg = Release|Any CPU
		{666B7587-AAB4-485B-AA47-10F58793FA35}.Release|arm64.Build.0 = Release|Any CPU
		{666B7587-AAB4-485B-AA47-10F58793FA35}.Release|iPhone.ActiveCfg = Release|Any CPU
		{666B7587-AAB4-485B-AA47-10F58793FA35}.Release|iPhone.Build.0 = Release|Any CPU
		{666B7587-AAB4-485B-AA47-10F58793FA35}.Release|iPhoneSimulator.ActiveCfg = Release|Any CPU
		{666B7587-AAB4-485B-AA47-10F58793FA35}.Release|iPhoneSimulator.Build.0 = Release|Any CPU
		{666B7587-AAB4-485B-AA47-10F58793FA35}.Release|x64.ActiveCfg = Release|Any CPU
		{666B7587-AAB4-485B-AA47-10F58793FA35}.Release|x64.Build.0 = Release|Any CPU
		{666B7587-AAB4-485B-AA47-10F58793FA35}.Release|x86.ActiveCfg = Release|Any CPU
		{666B7587-AAB4-485B-AA47-10F58793FA35}.Release|x86.Build.0 = Release|Any CPU
		{EDCD3803-CFDB-442B-8C2D-E779BCD1178D}.Debug|Any CPU.ActiveCfg = Debug|Any CPU
		{EDCD3803-CFDB-442B-8C2D-E779BCD1178D}.Debug|Any CPU.Build.0 = Debug|Any CPU
		{EDCD3803-CFDB-442B-8C2D-E779BCD1178D}.Debug|ARM.ActiveCfg = Debug|Any CPU
		{EDCD3803-CFDB-442B-8C2D-E779BCD1178D}.Debug|ARM.Build.0 = Debug|Any CPU
		{EDCD3803-CFDB-442B-8C2D-E779BCD1178D}.Debug|arm64.ActiveCfg = Debug|Any CPU
		{EDCD3803-CFDB-442B-8C2D-E779BCD1178D}.Debug|arm64.Build.0 = Debug|Any CPU
		{EDCD3803-CFDB-442B-8C2D-E779BCD1178D}.Debug|iPhone.ActiveCfg = Debug|Any CPU
		{EDCD3803-CFDB-442B-8C2D-E779BCD1178D}.Debug|iPhone.Build.0 = Debug|Any CPU
		{EDCD3803-CFDB-442B-8C2D-E779BCD1178D}.Debug|iPhoneSimulator.ActiveCfg = Debug|Any CPU
		{EDCD3803-CFDB-442B-8C2D-E779BCD1178D}.Debug|iPhoneSimulator.Build.0 = Debug|Any CPU
		{EDCD3803-CFDB-442B-8C2D-E779BCD1178D}.Debug|x64.ActiveCfg = Debug|Any CPU
		{EDCD3803-CFDB-442B-8C2D-E779BCD1178D}.Debug|x64.Build.0 = Debug|Any CPU
		{EDCD3803-CFDB-442B-8C2D-E779BCD1178D}.Debug|x86.ActiveCfg = Debug|Any CPU
		{EDCD3803-CFDB-442B-8C2D-E779BCD1178D}.Debug|x86.Build.0 = Debug|Any CPU
		{EDCD3803-CFDB-442B-8C2D-E779BCD1178D}.Release|Any CPU.ActiveCfg = Release|Any CPU
		{EDCD3803-CFDB-442B-8C2D-E779BCD1178D}.Release|Any CPU.Build.0 = Release|Any CPU
		{EDCD3803-CFDB-442B-8C2D-E779BCD1178D}.Release|ARM.ActiveCfg = Release|Any CPU
		{EDCD3803-CFDB-442B-8C2D-E779BCD1178D}.Release|ARM.Build.0 = Release|Any CPU
		{EDCD3803-CFDB-442B-8C2D-E779BCD1178D}.Release|arm64.ActiveCfg = Release|Any CPU
		{EDCD3803-CFDB-442B-8C2D-E779BCD1178D}.Release|arm64.Build.0 = Release|Any CPU
		{EDCD3803-CFDB-442B-8C2D-E779BCD1178D}.Release|iPhone.ActiveCfg = Release|Any CPU
		{EDCD3803-CFDB-442B-8C2D-E779BCD1178D}.Release|iPhone.Build.0 = Release|Any CPU
		{EDCD3803-CFDB-442B-8C2D-E779BCD1178D}.Release|iPhoneSimulator.ActiveCfg = Release|Any CPU
		{EDCD3803-CFDB-442B-8C2D-E779BCD1178D}.Release|iPhoneSimulator.Build.0 = Release|Any CPU
		{EDCD3803-CFDB-442B-8C2D-E779BCD1178D}.Release|x64.ActiveCfg = Release|Any CPU
		{EDCD3803-CFDB-442B-8C2D-E779BCD1178D}.Release|x64.Build.0 = Release|Any CPU
		{EDCD3803-CFDB-442B-8C2D-E779BCD1178D}.Release|x86.ActiveCfg = Release|Any CPU
		{EDCD3803-CFDB-442B-8C2D-E779BCD1178D}.Release|x86.Build.0 = Release|Any CPU
		{553AF3B8-D5E7-4737-94A5-2ED0B65267E9}.Debug|Any CPU.ActiveCfg = Debug|Any CPU
		{553AF3B8-D5E7-4737-94A5-2ED0B65267E9}.Debug|Any CPU.Build.0 = Debug|Any CPU
		{553AF3B8-D5E7-4737-94A5-2ED0B65267E9}.Debug|ARM.ActiveCfg = Debug|Any CPU
		{553AF3B8-D5E7-4737-94A5-2ED0B65267E9}.Debug|ARM.Build.0 = Debug|Any CPU
		{553AF3B8-D5E7-4737-94A5-2ED0B65267E9}.Debug|arm64.ActiveCfg = Debug|Any CPU
		{553AF3B8-D5E7-4737-94A5-2ED0B65267E9}.Debug|arm64.Build.0 = Debug|Any CPU
		{553AF3B8-D5E7-4737-94A5-2ED0B65267E9}.Debug|iPhone.ActiveCfg = Debug|Any CPU
		{553AF3B8-D5E7-4737-94A5-2ED0B65267E9}.Debug|iPhone.Build.0 = Debug|Any CPU
		{553AF3B8-D5E7-4737-94A5-2ED0B65267E9}.Debug|iPhoneSimulator.ActiveCfg = Debug|Any CPU
		{553AF3B8-D5E7-4737-94A5-2ED0B65267E9}.Debug|iPhoneSimulator.Build.0 = Debug|Any CPU
		{553AF3B8-D5E7-4737-94A5-2ED0B65267E9}.Debug|x64.ActiveCfg = Debug|Any CPU
		{553AF3B8-D5E7-4737-94A5-2ED0B65267E9}.Debug|x64.Build.0 = Debug|Any CPU
		{553AF3B8-D5E7-4737-94A5-2ED0B65267E9}.Debug|x86.ActiveCfg = Debug|Any CPU
		{553AF3B8-D5E7-4737-94A5-2ED0B65267E9}.Debug|x86.Build.0 = Debug|Any CPU
		{553AF3B8-D5E7-4737-94A5-2ED0B65267E9}.Release|Any CPU.ActiveCfg = Release|Any CPU
		{553AF3B8-D5E7-4737-94A5-2ED0B65267E9}.Release|Any CPU.Build.0 = Release|Any CPU
		{553AF3B8-D5E7-4737-94A5-2ED0B65267E9}.Release|ARM.ActiveCfg = Release|Any CPU
		{553AF3B8-D5E7-4737-94A5-2ED0B65267E9}.Release|ARM.Build.0 = Release|Any CPU
		{553AF3B8-D5E7-4737-94A5-2ED0B65267E9}.Release|arm64.ActiveCfg = Release|Any CPU
		{553AF3B8-D5E7-4737-94A5-2ED0B65267E9}.Release|arm64.Build.0 = Release|Any CPU
		{553AF3B8-D5E7-4737-94A5-2ED0B65267E9}.Release|iPhone.ActiveCfg = Release|Any CPU
		{553AF3B8-D5E7-4737-94A5-2ED0B65267E9}.Release|iPhone.Build.0 = Release|Any CPU
		{553AF3B8-D5E7-4737-94A5-2ED0B65267E9}.Release|iPhoneSimulator.ActiveCfg = Release|Any CPU
		{553AF3B8-D5E7-4737-94A5-2ED0B65267E9}.Release|iPhoneSimulator.Build.0 = Release|Any CPU
		{553AF3B8-D5E7-4737-94A5-2ED0B65267E9}.Release|x64.ActiveCfg = Release|Any CPU
		{553AF3B8-D5E7-4737-94A5-2ED0B65267E9}.Release|x64.Build.0 = Release|Any CPU
		{553AF3B8-D5E7-4737-94A5-2ED0B65267E9}.Release|x86.ActiveCfg = Release|Any CPU
		{553AF3B8-D5E7-4737-94A5-2ED0B65267E9}.Release|x86.Build.0 = Release|Any CPU
		{AB67372C-6CF2-46A5-BC86-7CD257AF3FF0}.Debug|Any CPU.ActiveCfg = Debug|Any CPU
		{AB67372C-6CF2-46A5-BC86-7CD257AF3FF0}.Debug|Any CPU.Build.0 = Debug|Any CPU
		{AB67372C-6CF2-46A5-BC86-7CD257AF3FF0}.Debug|ARM.ActiveCfg = Debug|Any CPU
		{AB67372C-6CF2-46A5-BC86-7CD257AF3FF0}.Debug|ARM.Build.0 = Debug|Any CPU
		{AB67372C-6CF2-46A5-BC86-7CD257AF3FF0}.Debug|arm64.ActiveCfg = Debug|Any CPU
		{AB67372C-6CF2-46A5-BC86-7CD257AF3FF0}.Debug|arm64.Build.0 = Debug|Any CPU
		{AB67372C-6CF2-46A5-BC86-7CD257AF3FF0}.Debug|iPhone.ActiveCfg = Debug|Any CPU
		{AB67372C-6CF2-46A5-BC86-7CD257AF3FF0}.Debug|iPhone.Build.0 = Debug|Any CPU
		{AB67372C-6CF2-46A5-BC86-7CD257AF3FF0}.Debug|iPhoneSimulator.ActiveCfg = Debug|Any CPU
		{AB67372C-6CF2-46A5-BC86-7CD257AF3FF0}.Debug|iPhoneSimulator.Build.0 = Debug|Any CPU
		{AB67372C-6CF2-46A5-BC86-7CD257AF3FF0}.Debug|x64.ActiveCfg = Debug|Any CPU
		{AB67372C-6CF2-46A5-BC86-7CD257AF3FF0}.Debug|x64.Build.0 = Debug|Any CPU
		{AB67372C-6CF2-46A5-BC86-7CD257AF3FF0}.Debug|x86.ActiveCfg = Debug|Any CPU
		{AB67372C-6CF2-46A5-BC86-7CD257AF3FF0}.Debug|x86.Build.0 = Debug|Any CPU
		{AB67372C-6CF2-46A5-BC86-7CD257AF3FF0}.Release|Any CPU.ActiveCfg = Release|Any CPU
		{AB67372C-6CF2-46A5-BC86-7CD257AF3FF0}.Release|Any CPU.Build.0 = Release|Any CPU
		{AB67372C-6CF2-46A5-BC86-7CD257AF3FF0}.Release|ARM.ActiveCfg = Release|Any CPU
		{AB67372C-6CF2-46A5-BC86-7CD257AF3FF0}.Release|ARM.Build.0 = Release|Any CPU
		{AB67372C-6CF2-46A5-BC86-7CD257AF3FF0}.Release|arm64.ActiveCfg = Release|Any CPU
		{AB67372C-6CF2-46A5-BC86-7CD257AF3FF0}.Release|arm64.Build.0 = Release|Any CPU
		{AB67372C-6CF2-46A5-BC86-7CD257AF3FF0}.Release|iPhone.ActiveCfg = Release|Any CPU
		{AB67372C-6CF2-46A5-BC86-7CD257AF3FF0}.Release|iPhone.Build.0 = Release|Any CPU
		{AB67372C-6CF2-46A5-BC86-7CD257AF3FF0}.Release|iPhoneSimulator.ActiveCfg = Release|Any CPU
		{AB67372C-6CF2-46A5-BC86-7CD257AF3FF0}.Release|iPhoneSimulator.Build.0 = Release|Any CPU
		{AB67372C-6CF2-46A5-BC86-7CD257AF3FF0}.Release|x64.ActiveCfg = Release|Any CPU
		{AB67372C-6CF2-46A5-BC86-7CD257AF3FF0}.Release|x64.Build.0 = Release|Any CPU
		{AB67372C-6CF2-46A5-BC86-7CD257AF3FF0}.Release|x86.ActiveCfg = Release|Any CPU
		{AB67372C-6CF2-46A5-BC86-7CD257AF3FF0}.Release|x86.Build.0 = Release|Any CPU
		{096FE097-B3C5-4E5B-874F-6A95C648F714}.Debug|Any CPU.ActiveCfg = Debug|x64
		{096FE097-B3C5-4E5B-874F-6A95C648F714}.Debug|Any CPU.Build.0 = Debug|x64
		{096FE097-B3C5-4E5B-874F-6A95C648F714}.Debug|Any CPU.Deploy.0 = Debug|x64
		{096FE097-B3C5-4E5B-874F-6A95C648F714}.Debug|ARM.ActiveCfg = Debug|x64
		{096FE097-B3C5-4E5B-874F-6A95C648F714}.Debug|ARM.Build.0 = Debug|x64
		{096FE097-B3C5-4E5B-874F-6A95C648F714}.Debug|ARM.Deploy.0 = Debug|x64
		{096FE097-B3C5-4E5B-874F-6A95C648F714}.Debug|arm64.ActiveCfg = Debug|arm64
		{096FE097-B3C5-4E5B-874F-6A95C648F714}.Debug|arm64.Build.0 = Debug|arm64
		{096FE097-B3C5-4E5B-874F-6A95C648F714}.Debug|arm64.Deploy.0 = Debug|arm64
		{096FE097-B3C5-4E5B-874F-6A95C648F714}.Debug|iPhone.ActiveCfg = Debug|x64
		{096FE097-B3C5-4E5B-874F-6A95C648F714}.Debug|iPhone.Build.0 = Debug|x64
		{096FE097-B3C5-4E5B-874F-6A95C648F714}.Debug|iPhone.Deploy.0 = Debug|x64
		{096FE097-B3C5-4E5B-874F-6A95C648F714}.Debug|iPhoneSimulator.ActiveCfg = Debug|x64
		{096FE097-B3C5-4E5B-874F-6A95C648F714}.Debug|iPhoneSimulator.Build.0 = Debug|x64
		{096FE097-B3C5-4E5B-874F-6A95C648F714}.Debug|iPhoneSimulator.Deploy.0 = Debug|x64
		{096FE097-B3C5-4E5B-874F-6A95C648F714}.Debug|x64.ActiveCfg = Debug|x64
		{096FE097-B3C5-4E5B-874F-6A95C648F714}.Debug|x64.Build.0 = Debug|x64
		{096FE097-B3C5-4E5B-874F-6A95C648F714}.Debug|x64.Deploy.0 = Debug|x64
		{096FE097-B3C5-4E5B-874F-6A95C648F714}.Debug|x86.ActiveCfg = Debug|x86
		{096FE097-B3C5-4E5B-874F-6A95C648F714}.Debug|x86.Build.0 = Debug|x86
		{096FE097-B3C5-4E5B-874F-6A95C648F714}.Debug|x86.Deploy.0 = Debug|x86
		{096FE097-B3C5-4E5B-874F-6A95C648F714}.Release|Any CPU.ActiveCfg = Release|x64
		{096FE097-B3C5-4E5B-874F-6A95C648F714}.Release|Any CPU.Build.0 = Release|x64
		{096FE097-B3C5-4E5B-874F-6A95C648F714}.Release|Any CPU.Deploy.0 = Release|x64
		{096FE097-B3C5-4E5B-874F-6A95C648F714}.Release|ARM.ActiveCfg = Release|x64
		{096FE097-B3C5-4E5B-874F-6A95C648F714}.Release|ARM.Build.0 = Release|x64
		{096FE097-B3C5-4E5B-874F-6A95C648F714}.Release|ARM.Deploy.0 = Release|x64
		{096FE097-B3C5-4E5B-874F-6A95C648F714}.Release|arm64.ActiveCfg = Release|arm64
		{096FE097-B3C5-4E5B-874F-6A95C648F714}.Release|arm64.Build.0 = Release|arm64
		{096FE097-B3C5-4E5B-874F-6A95C648F714}.Release|arm64.Deploy.0 = Release|arm64
		{096FE097-B3C5-4E5B-874F-6A95C648F714}.Release|iPhone.ActiveCfg = Release|x64
		{096FE097-B3C5-4E5B-874F-6A95C648F714}.Release|iPhone.Build.0 = Release|x64
		{096FE097-B3C5-4E5B-874F-6A95C648F714}.Release|iPhone.Deploy.0 = Release|x64
		{096FE097-B3C5-4E5B-874F-6A95C648F714}.Release|iPhoneSimulator.ActiveCfg = Release|x64
		{096FE097-B3C5-4E5B-874F-6A95C648F714}.Release|iPhoneSimulator.Build.0 = Release|x64
		{096FE097-B3C5-4E5B-874F-6A95C648F714}.Release|iPhoneSimulator.Deploy.0 = Release|x64
		{096FE097-B3C5-4E5B-874F-6A95C648F714}.Release|x64.ActiveCfg = Release|x64
		{096FE097-B3C5-4E5B-874F-6A95C648F714}.Release|x64.Build.0 = Release|x64
		{096FE097-B3C5-4E5B-874F-6A95C648F714}.Release|x64.Deploy.0 = Release|x64
		{096FE097-B3C5-4E5B-874F-6A95C648F714}.Release|x86.ActiveCfg = Release|x86
		{096FE097-B3C5-4E5B-874F-6A95C648F714}.Release|x86.Build.0 = Release|x86
		{096FE097-B3C5-4E5B-874F-6A95C648F714}.Release|x86.Deploy.0 = Release|x86
		{925099B5-4113-4E3E-8CBB-74D3077DF583}.Debug|Any CPU.ActiveCfg = Debug|Any CPU
		{925099B5-4113-4E3E-8CBB-74D3077DF583}.Debug|Any CPU.Build.0 = Debug|Any CPU
		{925099B5-4113-4E3E-8CBB-74D3077DF583}.Debug|Any CPU.Deploy.0 = Debug|Any CPU
		{925099B5-4113-4E3E-8CBB-74D3077DF583}.Debug|ARM.ActiveCfg = Debug|Any CPU
		{925099B5-4113-4E3E-8CBB-74D3077DF583}.Debug|ARM.Build.0 = Debug|Any CPU
		{925099B5-4113-4E3E-8CBB-74D3077DF583}.Debug|arm64.ActiveCfg = Debug|Any CPU
		{925099B5-4113-4E3E-8CBB-74D3077DF583}.Debug|arm64.Build.0 = Debug|Any CPU
		{925099B5-4113-4E3E-8CBB-74D3077DF583}.Debug|iPhone.ActiveCfg = Debug|Any CPU
		{925099B5-4113-4E3E-8CBB-74D3077DF583}.Debug|iPhone.Build.0 = Debug|Any CPU
		{925099B5-4113-4E3E-8CBB-74D3077DF583}.Debug|iPhone.Deploy.0 = Debug|Any CPU
		{925099B5-4113-4E3E-8CBB-74D3077DF583}.Debug|iPhoneSimulator.ActiveCfg = Debug|Any CPU
		{925099B5-4113-4E3E-8CBB-74D3077DF583}.Debug|iPhoneSimulator.Build.0 = Debug|Any CPU
		{925099B5-4113-4E3E-8CBB-74D3077DF583}.Debug|x64.ActiveCfg = Debug|Any CPU
		{925099B5-4113-4E3E-8CBB-74D3077DF583}.Debug|x64.Build.0 = Debug|Any CPU
		{925099B5-4113-4E3E-8CBB-74D3077DF583}.Debug|x86.ActiveCfg = Debug|Any CPU
		{925099B5-4113-4E3E-8CBB-74D3077DF583}.Debug|x86.Build.0 = Debug|Any CPU
		{925099B5-4113-4E3E-8CBB-74D3077DF583}.Release|Any CPU.ActiveCfg = Release|Any CPU
		{925099B5-4113-4E3E-8CBB-74D3077DF583}.Release|Any CPU.Build.0 = Release|Any CPU
		{925099B5-4113-4E3E-8CBB-74D3077DF583}.Release|Any CPU.Deploy.0 = Release|Any CPU
		{925099B5-4113-4E3E-8CBB-74D3077DF583}.Release|ARM.ActiveCfg = Release|Any CPU
		{925099B5-4113-4E3E-8CBB-74D3077DF583}.Release|ARM.Build.0 = Release|Any CPU
		{925099B5-4113-4E3E-8CBB-74D3077DF583}.Release|arm64.ActiveCfg = Release|Any CPU
		{925099B5-4113-4E3E-8CBB-74D3077DF583}.Release|arm64.Build.0 = Release|Any CPU
		{925099B5-4113-4E3E-8CBB-74D3077DF583}.Release|iPhone.ActiveCfg = Release|Any CPU
		{925099B5-4113-4E3E-8CBB-74D3077DF583}.Release|iPhone.Build.0 = Release|Any CPU
		{925099B5-4113-4E3E-8CBB-74D3077DF583}.Release|iPhoneSimulator.ActiveCfg = Release|Any CPU
		{925099B5-4113-4E3E-8CBB-74D3077DF583}.Release|iPhoneSimulator.Build.0 = Release|Any CPU
		{925099B5-4113-4E3E-8CBB-74D3077DF583}.Release|x64.ActiveCfg = Release|Any CPU
		{925099B5-4113-4E3E-8CBB-74D3077DF583}.Release|x64.Build.0 = Release|Any CPU
		{925099B5-4113-4E3E-8CBB-74D3077DF583}.Release|x86.ActiveCfg = Release|Any CPU
		{925099B5-4113-4E3E-8CBB-74D3077DF583}.Release|x86.Build.0 = Release|Any CPU
		{9B07CC3A-3D9A-474B-A243-CDD099D20415}.Debug|Any CPU.ActiveCfg = Debug|Any CPU
		{9B07CC3A-3D9A-474B-A243-CDD099D20415}.Debug|Any CPU.Build.0 = Debug|Any CPU
		{9B07CC3A-3D9A-474B-A243-CDD099D20415}.Debug|ARM.ActiveCfg = Debug|Any CPU
		{9B07CC3A-3D9A-474B-A243-CDD099D20415}.Debug|ARM.Build.0 = Debug|Any CPU
		{9B07CC3A-3D9A-474B-A243-CDD099D20415}.Debug|arm64.ActiveCfg = Debug|Any CPU
		{9B07CC3A-3D9A-474B-A243-CDD099D20415}.Debug|arm64.Build.0 = Debug|Any CPU
		{9B07CC3A-3D9A-474B-A243-CDD099D20415}.Debug|iPhone.ActiveCfg = Debug|Any CPU
		{9B07CC3A-3D9A-474B-A243-CDD099D20415}.Debug|iPhone.Build.0 = Debug|Any CPU
		{9B07CC3A-3D9A-474B-A243-CDD099D20415}.Debug|iPhoneSimulator.ActiveCfg = Debug|Any CPU
		{9B07CC3A-3D9A-474B-A243-CDD099D20415}.Debug|iPhoneSimulator.Build.0 = Debug|Any CPU
		{9B07CC3A-3D9A-474B-A243-CDD099D20415}.Debug|x64.ActiveCfg = Debug|Any CPU
		{9B07CC3A-3D9A-474B-A243-CDD099D20415}.Debug|x64.Build.0 = Debug|Any CPU
		{9B07CC3A-3D9A-474B-A243-CDD099D20415}.Debug|x86.ActiveCfg = Debug|Any CPU
		{9B07CC3A-3D9A-474B-A243-CDD099D20415}.Debug|x86.Build.0 = Debug|Any CPU
		{9B07CC3A-3D9A-474B-A243-CDD099D20415}.Release|Any CPU.ActiveCfg = Release|Any CPU
		{9B07CC3A-3D9A-474B-A243-CDD099D20415}.Release|Any CPU.Build.0 = Release|Any CPU
		{9B07CC3A-3D9A-474B-A243-CDD099D20415}.Release|ARM.ActiveCfg = Release|Any CPU
		{9B07CC3A-3D9A-474B-A243-CDD099D20415}.Release|ARM.Build.0 = Release|Any CPU
		{9B07CC3A-3D9A-474B-A243-CDD099D20415}.Release|arm64.ActiveCfg = Release|Any CPU
		{9B07CC3A-3D9A-474B-A243-CDD099D20415}.Release|arm64.Build.0 = Release|Any CPU
		{9B07CC3A-3D9A-474B-A243-CDD099D20415}.Release|iPhone.ActiveCfg = Release|Any CPU
		{9B07CC3A-3D9A-474B-A243-CDD099D20415}.Release|iPhone.Build.0 = Release|Any CPU
		{9B07CC3A-3D9A-474B-A243-CDD099D20415}.Release|iPhoneSimulator.ActiveCfg = Release|Any CPU
		{9B07CC3A-3D9A-474B-A243-CDD099D20415}.Release|iPhoneSimulator.Build.0 = Release|Any CPU
		{9B07CC3A-3D9A-474B-A243-CDD099D20415}.Release|x64.ActiveCfg = Release|Any CPU
		{9B07CC3A-3D9A-474B-A243-CDD099D20415}.Release|x64.Build.0 = Release|Any CPU
		{9B07CC3A-3D9A-474B-A243-CDD099D20415}.Release|x86.ActiveCfg = Release|Any CPU
		{9B07CC3A-3D9A-474B-A243-CDD099D20415}.Release|x86.Build.0 = Release|Any CPU
	EndGlobalSection
	GlobalSection(SolutionProperties) = preSolution
		HideSolutionNode = FALSE
	EndGlobalSection
	GlobalSection(NestedProjects) = preSolution
		{666B7587-AAB4-485B-AA47-10F58793FA35} = {13F4CC20-8D55-48F0-BFC6-A50B81EAE026}
		{746587E0-B8E4-4A78-A7EA-DBC356367712} = {D0BDE23D-F91F-4E0B-A38F-538D2605703B}
		{EDCD3803-CFDB-442B-8C2D-E779BCD1178D} = {D0BDE23D-F91F-4E0B-A38F-538D2605703B}
		{553AF3B8-D5E7-4737-94A5-2ED0B65267E9} = {D0BDE23D-F91F-4E0B-A38F-538D2605703B}
		{AB67372C-6CF2-46A5-BC86-7CD257AF3FF0} = {D0BDE23D-F91F-4E0B-A38F-538D2605703B}
		{096FE097-B3C5-4E5B-874F-6A95C648F714} = {961D0213-0BCB-4CE1-85E2-261F6E272982}
		{925099B5-4113-4E3E-8CBB-74D3077DF583} = {961D0213-0BCB-4CE1-85E2-261F6E272982}
		{560A7587-83FE-4092-A4CF-508AE33104BF} = {6E8378CB-E6FB-4090-9AF5-9D3CD059FECE}
		{9B07CC3A-3D9A-474B-A243-CDD099D20415} = {13F4CC20-8D55-48F0-BFC6-A50B81EAE026}
	EndGlobalSection
	GlobalSection(ExtensibilityGlobals) = postSolution
		SolutionGuid = {E8F5BE10-8B4B-4587-B7B4-09CA39838210}
	EndGlobalSection
	GlobalSection(SharedMSBuildProjectFiles) = preSolution
		app\ApplicationTemplate.Shared.Views\ApplicationTemplate.Shared.Views.projitems*{096fe097-b3c5-4e5b-874f-6a95c648f714}*SharedItemsImports = 5
		app\ApplicationTemplate.Shared.Views\ApplicationTemplate.Shared.Views.projitems*{746587e0-b8e4-4a78-a7ea-dbc356367712}*SharedItemsImports = 13
		app\ApplicationTemplate.Shared.Views\ApplicationTemplate.Shared.Views.projitems*{925099b5-4113-4e3e-8cbb-74d3077df583}*SharedItemsImports = 5
	EndGlobalSection
EndGlobal
