
Microsoft Visual Studio Solution File, Format Version 12.00
# Visual Studio Version 17
VisualStudioVersion = 17.1.32328.378
MinimumVisualStudioVersion = 10.0.40219.1
Project("{2150E333-8FDC-42A3-9474-1A3956D46DE8}") = "app-heads", "app-heads", "{961D0213-0BCB-4CE1-85E2-261F6E272982}"
EndProject
Project("{2150E333-8FDC-42A3-9474-1A3956D46DE8}") = "build", "build", "{8711E408-6454-47A3-889D-3BB97AFDD2DB}"
	ProjectSection(SolutionItems) = preProject
		..\.azure-pipelines.app.yml = ..\.azure-pipelines.app.yml
		..\.gitignore = ..\.gitignore
		..\Directory.Build.props = ..\Directory.Build.props
		..\gitversion.yml = ..\gitversion.yml
		..\Pipelines\Packaging.targets = ..\Pipelines\Packaging.targets
		..\build\steps.yml = ..\build\steps.yml
		..\stylecop.json = ..\stylecop.json
	EndProjectSection
EndProject
Project("{2150E333-8FDC-42A3-9474-1A3956D46DE8}") = "doc", "doc", "{4A31B4ED-94EB-43BC-91DD-7B142DEB887C}"
	ProjectSection(SolutionItems) = preProject
		..\doc\Architecture.md = ..\doc\Architecture.md
		..\CHANGELOG.md = ..\CHANGELOG.md
		..\doc\Configuration.md = ..\doc\Configuration.md
		..\doc\DependencyInjection.md = ..\doc\DependencyInjection.md
		..\doc\Environments.md = ..\doc\Environments.md
		..\doc\ErrorHandling.md = ..\doc\ErrorHandling.md
		..\doc\HTTP.md = ..\doc\HTTP.md
		..\doc\Localization.md = ..\doc\Localization.md
		..\doc\Logging.md = ..\doc\Logging.md
		..\doc\PlatformSpecifics.md = ..\doc\PlatformSpecifics.md
		..\README.md = ..\README.md
		..\doc\Scheduling.md = ..\doc\Scheduling.md
		..\doc\Serialization.md = ..\doc\Serialization.md
		..\doc\Startup.md = ..\doc\Startup.md
		..\doc\Testing.md = ..\doc\Testing.md
		..\doc\Validation.md = ..\doc\Validation.md
	EndProjectSection
EndProject
Project("{2150E333-8FDC-42A3-9474-1A3956D46DE8}") = "app-shared", "app-shared", "{D0BDE23D-F91F-4E0B-A38F-538D2605703B}"
EndProject
Project("{9A19103F-16F7-4668-BE54-9A1E7A4F7556}") = "ApplicationTemplate.Windows", "app\ApplicationTemplate.Windows\ApplicationTemplate.Windows.csproj", "{73752D85-43AA-4915-AE10-FC5B7B5D8AB0}"
EndProject
Project("{D954291E-2A0B-460D-934E-DC6B0785DB48}") = "ApplicationTemplate.Views", "app\ApplicationTemplate.Shared.Views\ApplicationTemplate.Views.shproj", "{746587E0-B8E4-4A78-A7EA-DBC356367712}"
EndProject
Project("{9A19103F-16F7-4668-BE54-9A1E7A4F7556}") = "ApplicationTemplate.Mobile", "app\ApplicationTemplate.Mobile\ApplicationTemplate.Mobile.csproj", "{D2E39863-1EF2-49B0-9BDD-169A3CE4FE7D}"
EndProject
Project("{9A19103F-16F7-4668-BE54-9A1E7A4F7556}") = "ApplicationTemplate.Presentation", "app\ApplicationTemplate.Presentation\ApplicationTemplate.Presentation.csproj", "{9C112C21-EB28-4234-B462-2D32CF077314}"
EndProject
Project("{9A19103F-16F7-4668-BE54-9A1E7A4F7556}") = "ApplicationTemplate.UITests", "app\ApplicationTemplate.UITests\ApplicationTemplate.UITests.csproj", "{9F2EB017-F072-48B3-9C3F-101217C46F94}"
EndProject
Project("{9A19103F-16F7-4668-BE54-9A1E7A4F7556}") = "ApplicationTemplate.Client", "app\ApplicationTemplate.Client\ApplicationTemplate.Client.csproj", "{30B8D572-DC9F-4FA3-B02F-E6C9E1B151F5}"
EndProject
Project("{9A19103F-16F7-4668-BE54-9A1E7A4F7556}") = "ApplicationTemplate.Tests", "app\ApplicationTemplate.Tests\ApplicationTemplate.Tests.csproj", "{DC4867F4-2DF0-4805-925C-1AC8F97BC257}"
EndProject
Project("{9A19103F-16F7-4668-BE54-9A1E7A4F7556}") = "ApplicationTemplate.Business", "app\ApplicationTemplate.Business\ApplicationTemplate.Business.csproj", "{D6E0872B-120C-44FE-9A03-7CA034869412}"
EndProject
Global
	GlobalSection(SolutionConfigurationPlatforms) = preSolution
		Debug|Any CPU = Debug|Any CPU
		Debug|arm64 = Debug|arm64
		Debug|x64 = Debug|x64
		Debug|x86 = Debug|x86
		Release_Android|Any CPU = Release_Android|Any CPU
		Release_Android|arm64 = Release_Android|arm64
		Release_Android|x64 = Release_Android|x64
		Release_Android|x86 = Release_Android|x86
		Release_iOS|Any CPU = Release_iOS|Any CPU
		Release_iOS|arm64 = Release_iOS|arm64
		Release_iOS|x64 = Release_iOS|x64
		Release_iOS|x86 = Release_iOS|x86
		Release_Tests|Any CPU = Release_Tests|Any CPU
		Release_Tests|arm64 = Release_Tests|arm64
		Release_Tests|x64 = Release_Tests|x64
		Release_Tests|x86 = Release_Tests|x86
		Release_Windows|Any CPU = Release_Windows|Any CPU
		Release_Windows|arm64 = Release_Windows|arm64
		Release_Windows|x64 = Release_Windows|x64
		Release_Windows|x86 = Release_Windows|x86
		Release|Any CPU = Release|Any CPU
		Release|arm64 = Release|arm64
		Release|x64 = Release|x64
		Release|x86 = Release|x86
	EndGlobalSection
	GlobalSection(ProjectConfigurationPlatforms) = postSolution
		{666B7587-AAB4-485B-AA47-10F58793FA35}.Debug|Any CPU.ActiveCfg = Debug|Any CPU
		{666B7587-AAB4-485B-AA47-10F58793FA35}.Debug|Any CPU.Build.0 = Debug|Any CPU
		{666B7587-AAB4-485B-AA47-10F58793FA35}.Debug|arm64.ActiveCfg = Debug|Any CPU
		{666B7587-AAB4-485B-AA47-10F58793FA35}.Debug|arm64.Build.0 = Debug|Any CPU
		{666B7587-AAB4-485B-AA47-10F58793FA35}.Debug|x64.ActiveCfg = Debug|Any CPU
		{666B7587-AAB4-485B-AA47-10F58793FA35}.Debug|x64.Build.0 = Debug|Any CPU
		{666B7587-AAB4-485B-AA47-10F58793FA35}.Debug|x86.ActiveCfg = Debug|Any CPU
		{666B7587-AAB4-485B-AA47-10F58793FA35}.Debug|x86.Build.0 = Debug|Any CPU
		{666B7587-AAB4-485B-AA47-10F58793FA35}.Release_Android|Any CPU.ActiveCfg = Release|Any CPU
		{666B7587-AAB4-485B-AA47-10F58793FA35}.Release_Android|arm64.ActiveCfg = Release|Any CPU
		{666B7587-AAB4-485B-AA47-10F58793FA35}.Release_Android|arm64.Build.0 = Release|Any CPU
		{666B7587-AAB4-485B-AA47-10F58793FA35}.Release_Android|x64.ActiveCfg = Release|Any CPU
		{666B7587-AAB4-485B-AA47-10F58793FA35}.Release_Android|x64.Build.0 = Release|Any CPU
		{666B7587-AAB4-485B-AA47-10F58793FA35}.Release_Android|x86.ActiveCfg = Release|Any CPU
		{666B7587-AAB4-485B-AA47-10F58793FA35}.Release_Android|x86.Build.0 = Release|Any CPU
		{666B7587-AAB4-485B-AA47-10F58793FA35}.Release_iOS|Any CPU.ActiveCfg = Release|Any CPU
		{666B7587-AAB4-485B-AA47-10F58793FA35}.Release_iOS|arm64.ActiveCfg = Release|Any CPU
		{666B7587-AAB4-485B-AA47-10F58793FA35}.Release_iOS|arm64.Build.0 = Release|Any CPU
		{666B7587-AAB4-485B-AA47-10F58793FA35}.Release_iOS|x64.ActiveCfg = Release|Any CPU
		{666B7587-AAB4-485B-AA47-10F58793FA35}.Release_iOS|x64.Build.0 = Release|Any CPU
		{666B7587-AAB4-485B-AA47-10F58793FA35}.Release_iOS|x86.ActiveCfg = Release|Any CPU
		{666B7587-AAB4-485B-AA47-10F58793FA35}.Release_iOS|x86.Build.0 = Release|Any CPU
		{666B7587-AAB4-485B-AA47-10F58793FA35}.Release_Tests|Any CPU.ActiveCfg = Release|Any CPU
		{666B7587-AAB4-485B-AA47-10F58793FA35}.Release_Tests|Any CPU.Build.0 = Release|Any CPU
		{666B7587-AAB4-485B-AA47-10F58793FA35}.Release_Tests|arm64.ActiveCfg = Release|Any CPU
		{666B7587-AAB4-485B-AA47-10F58793FA35}.Release_Tests|arm64.Build.0 = Release|Any CPU
		{666B7587-AAB4-485B-AA47-10F58793FA35}.Release_Tests|x64.ActiveCfg = Release|Any CPU
		{666B7587-AAB4-485B-AA47-10F58793FA35}.Release_Tests|x86.ActiveCfg = Release|Any CPU
		{666B7587-AAB4-485B-AA47-10F58793FA35}.Release_Windows|Any CPU.ActiveCfg = Release|Any CPU
		{666B7587-AAB4-485B-AA47-10F58793FA35}.Release_Windows|arm64.ActiveCfg = Release|Any CPU
		{666B7587-AAB4-485B-AA47-10F58793FA35}.Release_Windows|arm64.Build.0 = Release|Any CPU
		{666B7587-AAB4-485B-AA47-10F58793FA35}.Release_Windows|x64.ActiveCfg = Release|Any CPU
		{666B7587-AAB4-485B-AA47-10F58793FA35}.Release_Windows|x86.ActiveCfg = Release|Any CPU
		{666B7587-AAB4-485B-AA47-10F58793FA35}.Release|Any CPU.ActiveCfg = Release|Any CPU
		{666B7587-AAB4-485B-AA47-10F58793FA35}.Release|Any CPU.Build.0 = Release|Any CPU
		{666B7587-AAB4-485B-AA47-10F58793FA35}.Release|arm64.ActiveCfg = Release|Any CPU
		{666B7587-AAB4-485B-AA47-10F58793FA35}.Release|arm64.Build.0 = Release|Any CPU
		{666B7587-AAB4-485B-AA47-10F58793FA35}.Release|x64.ActiveCfg = Release|Any CPU
		{666B7587-AAB4-485B-AA47-10F58793FA35}.Release|x64.Build.0 = Release|Any CPU
		{666B7587-AAB4-485B-AA47-10F58793FA35}.Release|x86.ActiveCfg = Release|Any CPU
		{666B7587-AAB4-485B-AA47-10F58793FA35}.Release|x86.Build.0 = Release|Any CPU
		{AD16BCE5-0D8E-4552-AA10-D0ED5B40C2D5}.Debug|Any CPU.ActiveCfg = Debug|Any CPU
		{AD16BCE5-0D8E-4552-AA10-D0ED5B40C2D5}.Debug|Any CPU.Build.0 = Debug|Any CPU
		{AD16BCE5-0D8E-4552-AA10-D0ED5B40C2D5}.Debug|arm64.ActiveCfg = Debug|Any CPU
		{AD16BCE5-0D8E-4552-AA10-D0ED5B40C2D5}.Debug|arm64.Build.0 = Debug|Any CPU
		{AD16BCE5-0D8E-4552-AA10-D0ED5B40C2D5}.Debug|x64.ActiveCfg = Debug|Any CPU
		{AD16BCE5-0D8E-4552-AA10-D0ED5B40C2D5}.Debug|x64.Build.0 = Debug|Any CPU
		{AD16BCE5-0D8E-4552-AA10-D0ED5B40C2D5}.Debug|x86.ActiveCfg = Debug|Any CPU
		{AD16BCE5-0D8E-4552-AA10-D0ED5B40C2D5}.Debug|x86.Build.0 = Debug|Any CPU
		{AD16BCE5-0D8E-4552-AA10-D0ED5B40C2D5}.Release_Android|Any CPU.ActiveCfg = Release|Any CPU
		{AD16BCE5-0D8E-4552-AA10-D0ED5B40C2D5}.Release_Android|arm64.ActiveCfg = Release|Any CPU
		{AD16BCE5-0D8E-4552-AA10-D0ED5B40C2D5}.Release_Android|arm64.Build.0 = Release|Any CPU
		{AD16BCE5-0D8E-4552-AA10-D0ED5B40C2D5}.Release_Android|x64.ActiveCfg = Release|Any CPU
		{AD16BCE5-0D8E-4552-AA10-D0ED5B40C2D5}.Release_Android|x64.Build.0 = Release|Any CPU
		{AD16BCE5-0D8E-4552-AA10-D0ED5B40C2D5}.Release_Android|x86.ActiveCfg = Release|Any CPU
		{AD16BCE5-0D8E-4552-AA10-D0ED5B40C2D5}.Release_Android|x86.Build.0 = Release|Any CPU
		{AD16BCE5-0D8E-4552-AA10-D0ED5B40C2D5}.Release_iOS|Any CPU.ActiveCfg = Release|Any CPU
		{AD16BCE5-0D8E-4552-AA10-D0ED5B40C2D5}.Release_iOS|arm64.ActiveCfg = Release|Any CPU
		{AD16BCE5-0D8E-4552-AA10-D0ED5B40C2D5}.Release_iOS|arm64.Build.0 = Release|Any CPU
		{AD16BCE5-0D8E-4552-AA10-D0ED5B40C2D5}.Release_iOS|x64.ActiveCfg = Release|Any CPU
		{AD16BCE5-0D8E-4552-AA10-D0ED5B40C2D5}.Release_iOS|x64.Build.0 = Release|Any CPU
		{AD16BCE5-0D8E-4552-AA10-D0ED5B40C2D5}.Release_iOS|x86.ActiveCfg = Release|Any CPU
		{AD16BCE5-0D8E-4552-AA10-D0ED5B40C2D5}.Release_iOS|x86.Build.0 = Release|Any CPU
		{AD16BCE5-0D8E-4552-AA10-D0ED5B40C2D5}.Release_Tests|Any CPU.ActiveCfg = Release|Any CPU
		{AD16BCE5-0D8E-4552-AA10-D0ED5B40C2D5}.Release_Tests|arm64.ActiveCfg = Release|Any CPU
		{AD16BCE5-0D8E-4552-AA10-D0ED5B40C2D5}.Release_Tests|arm64.Build.0 = Release|Any CPU
		{AD16BCE5-0D8E-4552-AA10-D0ED5B40C2D5}.Release_Tests|x64.ActiveCfg = Release|Any CPU
		{AD16BCE5-0D8E-4552-AA10-D0ED5B40C2D5}.Release_Tests|x64.Build.0 = Release|Any CPU
		{AD16BCE5-0D8E-4552-AA10-D0ED5B40C2D5}.Release_Tests|x86.ActiveCfg = Release|Any CPU
		{AD16BCE5-0D8E-4552-AA10-D0ED5B40C2D5}.Release_Tests|x86.Build.0 = Release|Any CPU
		{AD16BCE5-0D8E-4552-AA10-D0ED5B40C2D5}.Release_Windows|Any CPU.ActiveCfg = Release|Any CPU
		{AD16BCE5-0D8E-4552-AA10-D0ED5B40C2D5}.Release_Windows|arm64.ActiveCfg = Release|Any CPU
		{AD16BCE5-0D8E-4552-AA10-D0ED5B40C2D5}.Release_Windows|arm64.Build.0 = Release|Any CPU
		{AD16BCE5-0D8E-4552-AA10-D0ED5B40C2D5}.Release_Windows|x64.ActiveCfg = Release|Any CPU
		{AD16BCE5-0D8E-4552-AA10-D0ED5B40C2D5}.Release_Windows|x86.ActiveCfg = Release|Any CPU
		{AD16BCE5-0D8E-4552-AA10-D0ED5B40C2D5}.Release|Any CPU.ActiveCfg = Release|Any CPU
		{AD16BCE5-0D8E-4552-AA10-D0ED5B40C2D5}.Release|Any CPU.Build.0 = Release|Any CPU
		{AD16BCE5-0D8E-4552-AA10-D0ED5B40C2D5}.Release|arm64.ActiveCfg = Release|Any CPU
		{AD16BCE5-0D8E-4552-AA10-D0ED5B40C2D5}.Release|arm64.Build.0 = Release|Any CPU
		{AD16BCE5-0D8E-4552-AA10-D0ED5B40C2D5}.Release|x64.ActiveCfg = Release|Any CPU
		{AD16BCE5-0D8E-4552-AA10-D0ED5B40C2D5}.Release|x64.Build.0 = Release|Any CPU
		{AD16BCE5-0D8E-4552-AA10-D0ED5B40C2D5}.Release|x86.ActiveCfg = Release|Any CPU
		{AD16BCE5-0D8E-4552-AA10-D0ED5B40C2D5}.Release|x86.Build.0 = Release|Any CPU
		{73752D85-43AA-4915-AE10-FC5B7B5D8AB0}.Debug|Any CPU.ActiveCfg = Debug|x64
		{73752D85-43AA-4915-AE10-FC5B7B5D8AB0}.Debug|Any CPU.Build.0 = Debug|x64
		{73752D85-43AA-4915-AE10-FC5B7B5D8AB0}.Debug|Any CPU.Deploy.0 = Debug|x64
		{73752D85-43AA-4915-AE10-FC5B7B5D8AB0}.Debug|arm64.ActiveCfg = Debug|arm64
		{73752D85-43AA-4915-AE10-FC5B7B5D8AB0}.Debug|arm64.Build.0 = Debug|arm64
		{73752D85-43AA-4915-AE10-FC5B7B5D8AB0}.Debug|arm64.Deploy.0 = Debug|arm64
		{73752D85-43AA-4915-AE10-FC5B7B5D8AB0}.Debug|x64.ActiveCfg = Debug|x64
		{73752D85-43AA-4915-AE10-FC5B7B5D8AB0}.Debug|x64.Build.0 = Debug|x64
		{73752D85-43AA-4915-AE10-FC5B7B5D8AB0}.Debug|x64.Deploy.0 = Debug|x64
		{73752D85-43AA-4915-AE10-FC5B7B5D8AB0}.Debug|x86.ActiveCfg = Debug|x64
		{73752D85-43AA-4915-AE10-FC5B7B5D8AB0}.Debug|x86.Build.0 = Debug|x64
		{73752D85-43AA-4915-AE10-FC5B7B5D8AB0}.Debug|x86.Deploy.0 = Debug|x64
		{73752D85-43AA-4915-AE10-FC5B7B5D8AB0}.Release_Android|Any CPU.ActiveCfg = Release|x64
		{73752D85-43AA-4915-AE10-FC5B7B5D8AB0}.Release_Android|Any CPU.Build.0 = Release|x64
		{73752D85-43AA-4915-AE10-FC5B7B5D8AB0}.Release_Android|Any CPU.Deploy.0 = Release|x64
		{73752D85-43AA-4915-AE10-FC5B7B5D8AB0}.Release_Android|arm64.ActiveCfg = Release|arm64
		{73752D85-43AA-4915-AE10-FC5B7B5D8AB0}.Release_Android|arm64.Build.0 = Release|arm64
		{73752D85-43AA-4915-AE10-FC5B7B5D8AB0}.Release_Android|arm64.Deploy.0 = Release|arm64
		{73752D85-43AA-4915-AE10-FC5B7B5D8AB0}.Release_Android|x64.ActiveCfg = Release|x64
		{73752D85-43AA-4915-AE10-FC5B7B5D8AB0}.Release_Android|x64.Build.0 = Release|x64
		{73752D85-43AA-4915-AE10-FC5B7B5D8AB0}.Release_Android|x64.Deploy.0 = Release|x64
		{73752D85-43AA-4915-AE10-FC5B7B5D8AB0}.Release_Android|x86.ActiveCfg = Release|x86
		{73752D85-43AA-4915-AE10-FC5B7B5D8AB0}.Release_Android|x86.Build.0 = Release|x86
		{73752D85-43AA-4915-AE10-FC5B7B5D8AB0}.Release_Android|x86.Deploy.0 = Release|x86
		{73752D85-43AA-4915-AE10-FC5B7B5D8AB0}.Release_iOS|Any CPU.ActiveCfg = Release|x64
		{73752D85-43AA-4915-AE10-FC5B7B5D8AB0}.Release_iOS|Any CPU.Build.0 = Release|x64
		{73752D85-43AA-4915-AE10-FC5B7B5D8AB0}.Release_iOS|Any CPU.Deploy.0 = Release|x64
		{73752D85-43AA-4915-AE10-FC5B7B5D8AB0}.Release_iOS|arm64.ActiveCfg = Release|arm64
		{73752D85-43AA-4915-AE10-FC5B7B5D8AB0}.Release_iOS|arm64.Build.0 = Release|arm64
		{73752D85-43AA-4915-AE10-FC5B7B5D8AB0}.Release_iOS|arm64.Deploy.0 = Release|arm64
		{73752D85-43AA-4915-AE10-FC5B7B5D8AB0}.Release_iOS|x64.ActiveCfg = Release|x64
		{73752D85-43AA-4915-AE10-FC5B7B5D8AB0}.Release_iOS|x64.Build.0 = Release|x64
		{73752D85-43AA-4915-AE10-FC5B7B5D8AB0}.Release_iOS|x64.Deploy.0 = Release|x64
		{73752D85-43AA-4915-AE10-FC5B7B5D8AB0}.Release_iOS|x86.ActiveCfg = Release|x86
		{73752D85-43AA-4915-AE10-FC5B7B5D8AB0}.Release_iOS|x86.Build.0 = Release|x86
		{73752D85-43AA-4915-AE10-FC5B7B5D8AB0}.Release_iOS|x86.Deploy.0 = Release|x86
		{73752D85-43AA-4915-AE10-FC5B7B5D8AB0}.Release_Tests|Any CPU.ActiveCfg = Release|x64
		{73752D85-43AA-4915-AE10-FC5B7B5D8AB0}.Release_Tests|Any CPU.Build.0 = Release|x64
		{73752D85-43AA-4915-AE10-FC5B7B5D8AB0}.Release_Tests|Any CPU.Deploy.0 = Release|x64
		{73752D85-43AA-4915-AE10-FC5B7B5D8AB0}.Release_Tests|arm64.ActiveCfg = Release|arm64
		{73752D85-43AA-4915-AE10-FC5B7B5D8AB0}.Release_Tests|arm64.Build.0 = Release|arm64
		{73752D85-43AA-4915-AE10-FC5B7B5D8AB0}.Release_Tests|arm64.Deploy.0 = Release|arm64
		{73752D85-43AA-4915-AE10-FC5B7B5D8AB0}.Release_Tests|x64.ActiveCfg = Release|x64
		{73752D85-43AA-4915-AE10-FC5B7B5D8AB0}.Release_Tests|x64.Build.0 = Release|x64
		{73752D85-43AA-4915-AE10-FC5B7B5D8AB0}.Release_Tests|x64.Deploy.0 = Release|x64
		{73752D85-43AA-4915-AE10-FC5B7B5D8AB0}.Release_Tests|x86.ActiveCfg = Release|x86
		{73752D85-43AA-4915-AE10-FC5B7B5D8AB0}.Release_Tests|x86.Build.0 = Release|x86
		{73752D85-43AA-4915-AE10-FC5B7B5D8AB0}.Release_Tests|x86.Deploy.0 = Release|x86
		{73752D85-43AA-4915-AE10-FC5B7B5D8AB0}.Release_Windows|Any CPU.ActiveCfg = Release|x64
		{73752D85-43AA-4915-AE10-FC5B7B5D8AB0}.Release_Windows|Any CPU.Build.0 = Release|x64
		{73752D85-43AA-4915-AE10-FC5B7B5D8AB0}.Release_Windows|Any CPU.Deploy.0 = Release|x64
		{73752D85-43AA-4915-AE10-FC5B7B5D8AB0}.Release_Windows|arm64.ActiveCfg = Release|arm64
		{73752D85-43AA-4915-AE10-FC5B7B5D8AB0}.Release_Windows|arm64.Build.0 = Release|arm64
		{73752D85-43AA-4915-AE10-FC5B7B5D8AB0}.Release_Windows|arm64.Deploy.0 = Release|arm64
		{73752D85-43AA-4915-AE10-FC5B7B5D8AB0}.Release_Windows|x64.ActiveCfg = Release|x64
		{73752D85-43AA-4915-AE10-FC5B7B5D8AB0}.Release_Windows|x64.Build.0 = Release|x64
		{73752D85-43AA-4915-AE10-FC5B7B5D8AB0}.Release_Windows|x64.Deploy.0 = Release|x64
		{73752D85-43AA-4915-AE10-FC5B7B5D8AB0}.Release_Windows|x86.ActiveCfg = Release|x86
		{73752D85-43AA-4915-AE10-FC5B7B5D8AB0}.Release_Windows|x86.Build.0 = Release|x86
		{73752D85-43AA-4915-AE10-FC5B7B5D8AB0}.Release_Windows|x86.Deploy.0 = Release|x86
		{73752D85-43AA-4915-AE10-FC5B7B5D8AB0}.Release|Any CPU.ActiveCfg = Release|x64
		{73752D85-43AA-4915-AE10-FC5B7B5D8AB0}.Release|Any CPU.Build.0 = Release|x64
		{73752D85-43AA-4915-AE10-FC5B7B5D8AB0}.Release|Any CPU.Deploy.0 = Release|x64
		{73752D85-43AA-4915-AE10-FC5B7B5D8AB0}.Release|arm64.ActiveCfg = Release|arm64
		{73752D85-43AA-4915-AE10-FC5B7B5D8AB0}.Release|arm64.Build.0 = Release|arm64
		{73752D85-43AA-4915-AE10-FC5B7B5D8AB0}.Release|arm64.Deploy.0 = Release|arm64
		{73752D85-43AA-4915-AE10-FC5B7B5D8AB0}.Release|x64.ActiveCfg = Release|x64
		{73752D85-43AA-4915-AE10-FC5B7B5D8AB0}.Release|x64.Build.0 = Release|x64
		{73752D85-43AA-4915-AE10-FC5B7B5D8AB0}.Release|x64.Deploy.0 = Release|x64
		{73752D85-43AA-4915-AE10-FC5B7B5D8AB0}.Release|x86.ActiveCfg = Release|x86
		{73752D85-43AA-4915-AE10-FC5B7B5D8AB0}.Release|x86.Build.0 = Release|x86
		{73752D85-43AA-4915-AE10-FC5B7B5D8AB0}.Release|x86.Deploy.0 = Release|x86
		{E695B227-9044-4BD5-B849-AC9A9BD1A63E}.Debug|Any CPU.ActiveCfg = Debug|Any CPU
		{E695B227-9044-4BD5-B849-AC9A9BD1A63E}.Debug|Any CPU.Build.0 = Debug|Any CPU
		{E695B227-9044-4BD5-B849-AC9A9BD1A63E}.Debug|arm64.ActiveCfg = Debug|Any CPU
		{E695B227-9044-4BD5-B849-AC9A9BD1A63E}.Debug|arm64.Build.0 = Debug|Any CPU
		{E695B227-9044-4BD5-B849-AC9A9BD1A63E}.Debug|x64.ActiveCfg = Debug|Any CPU
		{E695B227-9044-4BD5-B849-AC9A9BD1A63E}.Debug|x64.Build.0 = Debug|Any CPU
		{E695B227-9044-4BD5-B849-AC9A9BD1A63E}.Debug|x86.ActiveCfg = Debug|Any CPU
		{E695B227-9044-4BD5-B849-AC9A9BD1A63E}.Debug|x86.Build.0 = Debug|Any CPU
		{E695B227-9044-4BD5-B849-AC9A9BD1A63E}.Release_Android|Any CPU.ActiveCfg = Release|Any CPU
		{E695B227-9044-4BD5-B849-AC9A9BD1A63E}.Release_Android|Any CPU.Build.0 = Release|Any CPU
		{E695B227-9044-4BD5-B849-AC9A9BD1A63E}.Release_Android|arm64.ActiveCfg = Release|Any CPU
		{E695B227-9044-4BD5-B849-AC9A9BD1A63E}.Release_Android|arm64.Build.0 = Release|Any CPU
		{E695B227-9044-4BD5-B849-AC9A9BD1A63E}.Release_Android|x64.ActiveCfg = Release|Any CPU
		{E695B227-9044-4BD5-B849-AC9A9BD1A63E}.Release_Android|x64.Build.0 = Release|Any CPU
		{E695B227-9044-4BD5-B849-AC9A9BD1A63E}.Release_Android|x86.ActiveCfg = Release|Any CPU
		{E695B227-9044-4BD5-B849-AC9A9BD1A63E}.Release_Android|x86.Build.0 = Release|Any CPU
		{E695B227-9044-4BD5-B849-AC9A9BD1A63E}.Release_iOS|Any CPU.ActiveCfg = Release|Any CPU
		{E695B227-9044-4BD5-B849-AC9A9BD1A63E}.Release_iOS|Any CPU.Build.0 = Release|Any CPU
		{E695B227-9044-4BD5-B849-AC9A9BD1A63E}.Release_iOS|arm64.ActiveCfg = Release|Any CPU
		{E695B227-9044-4BD5-B849-AC9A9BD1A63E}.Release_iOS|arm64.Build.0 = Release|Any CPU
		{E695B227-9044-4BD5-B849-AC9A9BD1A63E}.Release_iOS|x64.ActiveCfg = Release|Any CPU
		{E695B227-9044-4BD5-B849-AC9A9BD1A63E}.Release_iOS|x64.Build.0 = Release|Any CPU
		{E695B227-9044-4BD5-B849-AC9A9BD1A63E}.Release_iOS|x86.ActiveCfg = Release|Any CPU
		{E695B227-9044-4BD5-B849-AC9A9BD1A63E}.Release_iOS|x86.Build.0 = Release|Any CPU
		{E695B227-9044-4BD5-B849-AC9A9BD1A63E}.Release_Tests|Any CPU.ActiveCfg = Release|Any CPU
		{E695B227-9044-4BD5-B849-AC9A9BD1A63E}.Release_Tests|Any CPU.Build.0 = Release|Any CPU
		{E695B227-9044-4BD5-B849-AC9A9BD1A63E}.Release_Tests|arm64.ActiveCfg = Release|Any CPU
		{E695B227-9044-4BD5-B849-AC9A9BD1A63E}.Release_Tests|arm64.Build.0 = Release|Any CPU
		{E695B227-9044-4BD5-B849-AC9A9BD1A63E}.Release_Tests|x64.ActiveCfg = Release|Any CPU
		{E695B227-9044-4BD5-B849-AC9A9BD1A63E}.Release_Tests|x64.Build.0 = Release|Any CPU
		{E695B227-9044-4BD5-B849-AC9A9BD1A63E}.Release_Tests|x86.ActiveCfg = Release|Any CPU
		{E695B227-9044-4BD5-B849-AC9A9BD1A63E}.Release_Tests|x86.Build.0 = Release|Any CPU
		{E695B227-9044-4BD5-B849-AC9A9BD1A63E}.Release_Windows|Any CPU.ActiveCfg = Release|Any CPU
		{E695B227-9044-4BD5-B849-AC9A9BD1A63E}.Release_Windows|Any CPU.Build.0 = Release|Any CPU
		{E695B227-9044-4BD5-B849-AC9A9BD1A63E}.Release_Windows|arm64.ActiveCfg = Release|Any CPU
		{E695B227-9044-4BD5-B849-AC9A9BD1A63E}.Release_Windows|arm64.Build.0 = Release|Any CPU
		{E695B227-9044-4BD5-B849-AC9A9BD1A63E}.Release_Windows|x64.ActiveCfg = Release|Any CPU
		{E695B227-9044-4BD5-B849-AC9A9BD1A63E}.Release_Windows|x64.Build.0 = Release|Any CPU
		{E695B227-9044-4BD5-B849-AC9A9BD1A63E}.Release_Windows|x86.ActiveCfg = Release|Any CPU
		{E695B227-9044-4BD5-B849-AC9A9BD1A63E}.Release_Windows|x86.Build.0 = Release|Any CPU
		{E695B227-9044-4BD5-B849-AC9A9BD1A63E}.Release|Any CPU.ActiveCfg = Release|Any CPU
		{E695B227-9044-4BD5-B849-AC9A9BD1A63E}.Release|Any CPU.Build.0 = Release|Any CPU
		{E695B227-9044-4BD5-B849-AC9A9BD1A63E}.Release|arm64.ActiveCfg = Release|Any CPU
		{E695B227-9044-4BD5-B849-AC9A9BD1A63E}.Release|arm64.Build.0 = Release|Any CPU
		{E695B227-9044-4BD5-B849-AC9A9BD1A63E}.Release|x64.ActiveCfg = Release|Any CPU
		{E695B227-9044-4BD5-B849-AC9A9BD1A63E}.Release|x64.Build.0 = Release|Any CPU
		{E695B227-9044-4BD5-B849-AC9A9BD1A63E}.Release|x86.ActiveCfg = Release|Any CPU
		{E695B227-9044-4BD5-B849-AC9A9BD1A63E}.Release|x86.Build.0 = Release|Any CPU
		{9312744D-C66A-4118-90DD-E6E35B901C7D}.Debug|Any CPU.ActiveCfg = Debug|Any CPU
		{9312744D-C66A-4118-90DD-E6E35B901C7D}.Debug|Any CPU.Build.0 = Debug|Any CPU
		{9312744D-C66A-4118-90DD-E6E35B901C7D}.Debug|arm64.ActiveCfg = Debug|Any CPU
		{9312744D-C66A-4118-90DD-E6E35B901C7D}.Debug|arm64.Build.0 = Debug|Any CPU
		{9312744D-C66A-4118-90DD-E6E35B901C7D}.Debug|x64.ActiveCfg = Debug|Any CPU
		{9312744D-C66A-4118-90DD-E6E35B901C7D}.Debug|x64.Build.0 = Debug|Any CPU
		{9312744D-C66A-4118-90DD-E6E35B901C7D}.Debug|x86.ActiveCfg = Debug|Any CPU
		{9312744D-C66A-4118-90DD-E6E35B901C7D}.Debug|x86.Build.0 = Debug|Any CPU
		{9312744D-C66A-4118-90DD-E6E35B901C7D}.Release_Android|Any CPU.ActiveCfg = Release|Any CPU
		{9312744D-C66A-4118-90DD-E6E35B901C7D}.Release_Android|Any CPU.Build.0 = Release|Any CPU
		{9312744D-C66A-4118-90DD-E6E35B901C7D}.Release_Android|arm64.ActiveCfg = Release|Any CPU
		{9312744D-C66A-4118-90DD-E6E35B901C7D}.Release_Android|arm64.Build.0 = Release|Any CPU
		{9312744D-C66A-4118-90DD-E6E35B901C7D}.Release_Android|x64.ActiveCfg = Release|Any CPU
		{9312744D-C66A-4118-90DD-E6E35B901C7D}.Release_Android|x64.Build.0 = Release|Any CPU
		{9312744D-C66A-4118-90DD-E6E35B901C7D}.Release_Android|x86.ActiveCfg = Release|Any CPU
		{9312744D-C66A-4118-90DD-E6E35B901C7D}.Release_Android|x86.Build.0 = Release|Any CPU
		{9312744D-C66A-4118-90DD-E6E35B901C7D}.Release_iOS|Any CPU.ActiveCfg = Release|Any CPU
		{9312744D-C66A-4118-90DD-E6E35B901C7D}.Release_iOS|Any CPU.Build.0 = Release|Any CPU
		{9312744D-C66A-4118-90DD-E6E35B901C7D}.Release_iOS|arm64.ActiveCfg = Release|Any CPU
		{9312744D-C66A-4118-90DD-E6E35B901C7D}.Release_iOS|arm64.Build.0 = Release|Any CPU
		{9312744D-C66A-4118-90DD-E6E35B901C7D}.Release_iOS|x64.ActiveCfg = Release|Any CPU
		{9312744D-C66A-4118-90DD-E6E35B901C7D}.Release_iOS|x64.Build.0 = Release|Any CPU
		{9312744D-C66A-4118-90DD-E6E35B901C7D}.Release_iOS|x86.ActiveCfg = Release|Any CPU
		{9312744D-C66A-4118-90DD-E6E35B901C7D}.Release_iOS|x86.Build.0 = Release|Any CPU
		{9312744D-C66A-4118-90DD-E6E35B901C7D}.Release_Tests|Any CPU.ActiveCfg = Release|Any CPU
		{9312744D-C66A-4118-90DD-E6E35B901C7D}.Release_Tests|Any CPU.Build.0 = Release|Any CPU
		{9312744D-C66A-4118-90DD-E6E35B901C7D}.Release_Tests|arm64.ActiveCfg = Release|Any CPU
		{9312744D-C66A-4118-90DD-E6E35B901C7D}.Release_Tests|arm64.Build.0 = Release|Any CPU
		{9312744D-C66A-4118-90DD-E6E35B901C7D}.Release_Tests|x64.ActiveCfg = Release|Any CPU
		{9312744D-C66A-4118-90DD-E6E35B901C7D}.Release_Tests|x64.Build.0 = Release|Any CPU
		{9312744D-C66A-4118-90DD-E6E35B901C7D}.Release_Tests|x86.ActiveCfg = Release|Any CPU
		{9312744D-C66A-4118-90DD-E6E35B901C7D}.Release_Tests|x86.Build.0 = Release|Any CPU
		{9312744D-C66A-4118-90DD-E6E35B901C7D}.Release_Windows|Any CPU.ActiveCfg = Release|Any CPU
		{9312744D-C66A-4118-90DD-E6E35B901C7D}.Release_Windows|Any CPU.Build.0 = Release|Any CPU
		{9312744D-C66A-4118-90DD-E6E35B901C7D}.Release_Windows|arm64.ActiveCfg = Release|Any CPU
		{9312744D-C66A-4118-90DD-E6E35B901C7D}.Release_Windows|arm64.Build.0 = Release|Any CPU
		{9312744D-C66A-4118-90DD-E6E35B901C7D}.Release_Windows|x64.ActiveCfg = Release|Any CPU
		{9312744D-C66A-4118-90DD-E6E35B901C7D}.Release_Windows|x64.Build.0 = Release|Any CPU
		{9312744D-C66A-4118-90DD-E6E35B901C7D}.Release_Windows|x86.ActiveCfg = Release|Any CPU
		{9312744D-C66A-4118-90DD-E6E35B901C7D}.Release_Windows|x86.Build.0 = Release|Any CPU
		{9312744D-C66A-4118-90DD-E6E35B901C7D}.Release|Any CPU.ActiveCfg = Release|Any CPU
		{9312744D-C66A-4118-90DD-E6E35B901C7D}.Release|Any CPU.Build.0 = Release|Any CPU
		{9312744D-C66A-4118-90DD-E6E35B901C7D}.Release|arm64.ActiveCfg = Release|Any CPU
		{9312744D-C66A-4118-90DD-E6E35B901C7D}.Release|arm64.Build.0 = Release|Any CPU
		{9312744D-C66A-4118-90DD-E6E35B901C7D}.Release|x64.ActiveCfg = Release|Any CPU
		{9312744D-C66A-4118-90DD-E6E35B901C7D}.Release|x64.Build.0 = Release|Any CPU
		{9312744D-C66A-4118-90DD-E6E35B901C7D}.Release|x86.ActiveCfg = Release|Any CPU
		{9312744D-C66A-4118-90DD-E6E35B901C7D}.Release|x86.Build.0 = Release|Any CPU
		{7195D0F6-7550-4167-94AD-B19CFB6D542B}.Debug|Any CPU.ActiveCfg = Debug|Any CPU
		{7195D0F6-7550-4167-94AD-B19CFB6D542B}.Debug|Any CPU.Build.0 = Debug|Any CPU
		{7195D0F6-7550-4167-94AD-B19CFB6D542B}.Debug|arm64.ActiveCfg = Debug|Any CPU
		{7195D0F6-7550-4167-94AD-B19CFB6D542B}.Debug|arm64.Build.0 = Debug|Any CPU
		{7195D0F6-7550-4167-94AD-B19CFB6D542B}.Debug|x64.ActiveCfg = Debug|Any CPU
		{7195D0F6-7550-4167-94AD-B19CFB6D542B}.Debug|x64.Build.0 = Debug|Any CPU
		{7195D0F6-7550-4167-94AD-B19CFB6D542B}.Debug|x86.ActiveCfg = Debug|Any CPU
		{7195D0F6-7550-4167-94AD-B19CFB6D542B}.Debug|x86.Build.0 = Debug|Any CPU
		{7195D0F6-7550-4167-94AD-B19CFB6D542B}.Release_Android|Any CPU.ActiveCfg = Release|Any CPU
		{7195D0F6-7550-4167-94AD-B19CFB6D542B}.Release_Android|Any CPU.Build.0 = Release|Any CPU
		{7195D0F6-7550-4167-94AD-B19CFB6D542B}.Release_Android|arm64.ActiveCfg = Release|Any CPU
		{7195D0F6-7550-4167-94AD-B19CFB6D542B}.Release_Android|arm64.Build.0 = Release|Any CPU
		{7195D0F6-7550-4167-94AD-B19CFB6D542B}.Release_Android|x64.ActiveCfg = Release|Any CPU
		{7195D0F6-7550-4167-94AD-B19CFB6D542B}.Release_Android|x64.Build.0 = Release|Any CPU
		{7195D0F6-7550-4167-94AD-B19CFB6D542B}.Release_Android|x86.ActiveCfg = Release|Any CPU
		{7195D0F6-7550-4167-94AD-B19CFB6D542B}.Release_Android|x86.Build.0 = Release|Any CPU
		{7195D0F6-7550-4167-94AD-B19CFB6D542B}.Release_iOS|Any CPU.ActiveCfg = Release|Any CPU
		{7195D0F6-7550-4167-94AD-B19CFB6D542B}.Release_iOS|Any CPU.Build.0 = Release|Any CPU
		{7195D0F6-7550-4167-94AD-B19CFB6D542B}.Release_iOS|arm64.ActiveCfg = Release|Any CPU
		{7195D0F6-7550-4167-94AD-B19CFB6D542B}.Release_iOS|arm64.Build.0 = Release|Any CPU
		{7195D0F6-7550-4167-94AD-B19CFB6D542B}.Release_iOS|x64.ActiveCfg = Release|Any CPU
		{7195D0F6-7550-4167-94AD-B19CFB6D542B}.Release_iOS|x64.Build.0 = Release|Any CPU
		{7195D0F6-7550-4167-94AD-B19CFB6D542B}.Release_iOS|x86.ActiveCfg = Release|Any CPU
		{7195D0F6-7550-4167-94AD-B19CFB6D542B}.Release_iOS|x86.Build.0 = Release|Any CPU
		{7195D0F6-7550-4167-94AD-B19CFB6D542B}.Release_Tests|Any CPU.ActiveCfg = Release|Any CPU
		{7195D0F6-7550-4167-94AD-B19CFB6D542B}.Release_Tests|Any CPU.Build.0 = Release|Any CPU
		{7195D0F6-7550-4167-94AD-B19CFB6D542B}.Release_Tests|arm64.ActiveCfg = Release|Any CPU
		{7195D0F6-7550-4167-94AD-B19CFB6D542B}.Release_Tests|arm64.Build.0 = Release|Any CPU
		{7195D0F6-7550-4167-94AD-B19CFB6D542B}.Release_Tests|x64.ActiveCfg = Release|Any CPU
		{7195D0F6-7550-4167-94AD-B19CFB6D542B}.Release_Tests|x64.Build.0 = Release|Any CPU
		{7195D0F6-7550-4167-94AD-B19CFB6D542B}.Release_Tests|x86.ActiveCfg = Release|Any CPU
		{7195D0F6-7550-4167-94AD-B19CFB6D542B}.Release_Tests|x86.Build.0 = Release|Any CPU
		{7195D0F6-7550-4167-94AD-B19CFB6D542B}.Release_Windows|Any CPU.ActiveCfg = Release|Any CPU
		{7195D0F6-7550-4167-94AD-B19CFB6D542B}.Release_Windows|Any CPU.Build.0 = Release|Any CPU
		{7195D0F6-7550-4167-94AD-B19CFB6D542B}.Release_Windows|arm64.ActiveCfg = Release|Any CPU
		{7195D0F6-7550-4167-94AD-B19CFB6D542B}.Release_Windows|arm64.Build.0 = Release|Any CPU
		{7195D0F6-7550-4167-94AD-B19CFB6D542B}.Release_Windows|x64.ActiveCfg = Release|Any CPU
		{7195D0F6-7550-4167-94AD-B19CFB6D542B}.Release_Windows|x64.Build.0 = Release|Any CPU
		{7195D0F6-7550-4167-94AD-B19CFB6D542B}.Release_Windows|x86.ActiveCfg = Release|Any CPU
		{7195D0F6-7550-4167-94AD-B19CFB6D542B}.Release_Windows|x86.Build.0 = Release|Any CPU
		{7195D0F6-7550-4167-94AD-B19CFB6D542B}.Release|Any CPU.ActiveCfg = Release|Any CPU
		{7195D0F6-7550-4167-94AD-B19CFB6D542B}.Release|Any CPU.Build.0 = Release|Any CPU
		{7195D0F6-7550-4167-94AD-B19CFB6D542B}.Release|arm64.ActiveCfg = Release|Any CPU
		{7195D0F6-7550-4167-94AD-B19CFB6D542B}.Release|arm64.Build.0 = Release|Any CPU
		{7195D0F6-7550-4167-94AD-B19CFB6D542B}.Release|x64.ActiveCfg = Release|Any CPU
		{7195D0F6-7550-4167-94AD-B19CFB6D542B}.Release|x64.Build.0 = Release|Any CPU
		{7195D0F6-7550-4167-94AD-B19CFB6D542B}.Release|x86.ActiveCfg = Release|Any CPU
		{7195D0F6-7550-4167-94AD-B19CFB6D542B}.Release|x86.Build.0 = Release|Any CPU
	EndGlobalSection
	GlobalSection(SolutionProperties) = preSolution
		HideSolutionNode = FALSE
	EndGlobalSection
	GlobalSection(NestedProjects) = preSolution
		{73752D85-43AA-4915-AE10-FC5B7B5D8AB0} = {961D0213-0BCB-4CE1-85E2-261F6E272982}
		{746587E0-B8E4-4A78-A7EA-DBC356367712} = {D0BDE23D-F91F-4E0B-A38F-538D2605703B}
		{D2E39863-1EF2-49B0-9BDD-169A3CE4FE7D} = {961D0213-0BCB-4CE1-85E2-261F6E272982}
		{9C112C21-EB28-4234-B462-2D32CF077314} = {D0BDE23D-F91F-4E0B-A38F-538D2605703B}
		{9F2EB017-F072-48B3-9C3F-101217C46F94} = {961D0213-0BCB-4CE1-85E2-261F6E272982}
		{30B8D572-DC9F-4FA3-B02F-E6C9E1B151F5} = {D0BDE23D-F91F-4E0B-A38F-538D2605703B}
		{DC4867F4-2DF0-4805-925C-1AC8F97BC257} = {961D0213-0BCB-4CE1-85E2-261F6E272982}
		{D6E0872B-120C-44FE-9A03-7CA034869412} = {D0BDE23D-F91F-4E0B-A38F-538D2605703B}
	EndGlobalSection
	GlobalSection(ExtensibilityGlobals) = postSolution
		SolutionGuid = {E8F5BE10-8B4B-4587-B7B4-09CA39838210}
	EndGlobalSection
	GlobalSection(SharedMSBuildProjectFiles) = preSolution
		app\ApplicationTemplate.Shared.Views\ApplicationTemplate.Shared.Views.projitems*{73752d85-43aa-4915-ae10-fc5b7b5d8ab0}*SharedItemsImports = 5
		app\ApplicationTemplate.Shared.Views\ApplicationTemplate.Shared.Views.projitems*{746587e0-b8e4-4a78-a7ea-dbc356367712}*SharedItemsImports = 13
		app\ApplicationTemplate.Shared.Views\ApplicationTemplate.Shared.Views.projitems*{d2e39863-1ef2-49b0-9bdd-169a3ce4fe7d}*SharedItemsImports = 5
	EndGlobalSection
EndGlobal
