
Microsoft Visual Studio Solution File, Format Version 12.00
# Visual Studio Version 17
VisualStudioVersion = 17.1.32328.378
MinimumVisualStudioVersion = 10.0.40219.1
Project("{2150E333-8FDC-42A3-9474-1A3956D46DE8}") = "app-heads", "app-heads", "{961D0213-0BCB-4CE1-85E2-261F6E272982}"
EndProject
Project("{2150E333-8FDC-42A3-9474-1A3956D46DE8}") = "build", "build", "{8711E408-6454-47A3-889D-3BB97AFDD2DB}"
	ProjectSection(SolutionItems) = preProject
		..\.azure-pipelines.app.yml = ..\.azure-pipelines.app.yml
		..\.gitignore = ..\.gitignore
		..\Directory.Build.props = ..\Directory.Build.props
		..\gitversion.yml = ..\gitversion.yml
		..\Pipelines\Packaging.targets = ..\Pipelines\Packaging.targets
		..\build\steps.yml = ..\build\steps.yml
		..\stylecop.json = ..\stylecop.json
	EndProjectSection
EndProject
Project("{2150E333-8FDC-42A3-9474-1A3956D46DE8}") = "doc", "doc", "{4A31B4ED-94EB-43BC-91DD-7B142DEB887C}"
	ProjectSection(SolutionItems) = preProject
		..\doc\Architecture.md = ..\doc\Architecture.md
		..\CHANGELOG.md = ..\CHANGELOG.md
		..\doc\Configuration.md = ..\doc\Configuration.md
		..\doc\DependencyInjection.md = ..\doc\DependencyInjection.md
		..\doc\Environments.md = ..\doc\Environments.md
		..\doc\ErrorHandling.md = ..\doc\ErrorHandling.md
		..\doc\HTTP.md = ..\doc\HTTP.md
		..\doc\Localization.md = ..\doc\Localization.md
		..\doc\Logging.md = ..\doc\Logging.md
		..\doc\PlatformSpecifics.md = ..\doc\PlatformSpecifics.md
		..\README.md = ..\README.md
		..\doc\Scheduling.md = ..\doc\Scheduling.md
		..\doc\Serialization.md = ..\doc\Serialization.md
		..\doc\Startup.md = ..\doc\Startup.md
		..\doc\Testing.md = ..\doc\Testing.md
		..\doc\Validation.md = ..\doc\Validation.md
	EndProjectSection
EndProject
Project("{FAE04EC0-301F-11D3-BF4B-00C04F79EFBC}") = "ApplicationTemplate.Droid", "app\ApplicationTemplate.Droid\ApplicationTemplate.Droid.csproj", "{E020FFC0-80C4-45D8-AFA9-A6954935FDDE}"
EndProject
Project("{FAE04EC0-301F-11D3-BF4B-00C04F79EFBC}") = "ApplicationTemplate.iOS", "app\ApplicationTemplate.iOS\ApplicationTemplate.iOS.csproj", "{B7F111B6-6C94-41E1-BB0B-1895415D8261}"
EndProject
Project("{9A19103F-16F7-4668-BE54-9A1E7A4F7556}") = "ApplicationTemplate.Tests", "app\ApplicationTemplate.Tests\ApplicationTemplate.Tests.csproj", "{666B7587-AAB4-485B-AA47-10F58793FA35}"
EndProject
Project("{FAE04EC0-301F-11D3-BF4B-00C04F79EFBC}") = "ApplicationTemplate.UWP", "app\ApplicationTemplate.UWP\ApplicationTemplate.UWP.csproj", "{C76E144C-92AD-4B8F-93F4-232D1CCDDAF0}"
EndProject
Project("{D954291E-2A0B-460D-934E-DC6B0785DB48}") = "ApplicationTemplate.Views", "app\ApplicationTemplate.Shared.Views\ApplicationTemplate.Views.shproj", "{746587E0-B8E4-4A78-A7EA-DBC356367712}"
EndProject
Project("{9A19103F-16F7-4668-BE54-9A1E7A4F7556}") = "ApplicationTemplate.UITests", "app\ApplicationTemplate.UITests\ApplicationTemplate.UITests.csproj", "{AD16BCE5-0D8E-4552-AA10-D0ED5B40C2D5}"
EndProject
Project("{9A19103F-16F7-4668-BE54-9A1E7A4F7556}") = "ApplicationTemplate.Client", "app\ApplicationTemplate.Client\ApplicationTemplate.Client.csproj", "{EDCD3803-CFDB-442B-8C2D-E779BCD1178D}"
EndProject
Project("{2150E333-8FDC-42A3-9474-1A3956D46DE8}") = "app-shared", "app-shared", "{D0BDE23D-F91F-4E0B-A38F-538D2605703B}"
EndProject
Project("{9A19103F-16F7-4668-BE54-9A1E7A4F7556}") = "ApplicationTemplate.Business", "app\ApplicationTemplate.Business\ApplicationTemplate.Business.csproj", "{553AF3B8-D5E7-4737-94A5-2ED0B65267E9}"
EndProject
Project("{9A19103F-16F7-4668-BE54-9A1E7A4F7556}") = "ApplicationTemplate.Presentation", "app\ApplicationTemplate.Presentation\ApplicationTemplate.Presentation.csproj", "{AB67372C-6CF2-46A5-BC86-7CD257AF3FF0}"
EndProject
Project("{2150E333-8FDC-42A3-9474-1A3956D46DE8}") = "app-tests", "app-tests", "{13F4CC20-8D55-48F0-BFC6-A50B81EAE026}"
EndProject
Global
	GlobalSection(SolutionConfigurationPlatforms) = preSolution
		Debug|Any CPU = Debug|Any CPU
		Debug|ARM = Debug|ARM
		Debug|iPhone = Debug|iPhone
		Debug|iPhoneSimulator = Debug|iPhoneSimulator
		Debug|x64 = Debug|x64
		Debug|x86 = Debug|x86
		Release_Android|Any CPU = Release_Android|Any CPU
		Release_Android|ARM = Release_Android|ARM
		Release_Android|iPhone = Release_Android|iPhone
		Release_Android|iPhoneSimulator = Release_Android|iPhoneSimulator
		Release_Android|x64 = Release_Android|x64
		Release_Android|x86 = Release_Android|x86
		Release_iOS|Any CPU = Release_iOS|Any CPU
		Release_iOS|ARM = Release_iOS|ARM
		Release_iOS|iPhone = Release_iOS|iPhone
		Release_iOS|iPhoneSimulator = Release_iOS|iPhoneSimulator
		Release_iOS|x64 = Release_iOS|x64
		Release_iOS|x86 = Release_iOS|x86
		Release_Tests|Any CPU = Release_Tests|Any CPU
		Release_Tests|ARM = Release_Tests|ARM
		Release_Tests|iPhone = Release_Tests|iPhone
		Release_Tests|iPhoneSimulator = Release_Tests|iPhoneSimulator
		Release_Tests|x64 = Release_Tests|x64
		Release_Tests|x86 = Release_Tests|x86
		Release_UWP|Any CPU = Release_UWP|Any CPU
		Release_UWP|ARM = Release_UWP|ARM
		Release_UWP|iPhone = Release_UWP|iPhone
		Release_UWP|iPhoneSimulator = Release_UWP|iPhoneSimulator
		Release_UWP|x64 = Release_UWP|x64
		Release_UWP|x86 = Release_UWP|x86
		Release_WASM|Any CPU = Release_WASM|Any CPU
		Release_WASM|ARM = Release_WASM|ARM
		Release_WASM|iPhone = Release_WASM|iPhone
		Release_WASM|iPhoneSimulator = Release_WASM|iPhoneSimulator
		Release_WASM|x64 = Release_WASM|x64
		Release_WASM|x86 = Release_WASM|x86
		Release|Any CPU = Release|Any CPU
		Release|ARM = Release|ARM
		Release|iPhone = Release|iPhone
		Release|iPhoneSimulator = Release|iPhoneSimulator
		Release|x64 = Release|x64
		Release|x86 = Release|x86
	EndGlobalSection
	GlobalSection(ProjectConfigurationPlatforms) = postSolution
		{E020FFC0-80C4-45D8-AFA9-A6954935FDDE}.Debug|Any CPU.ActiveCfg = Debug|Any CPU
		{E020FFC0-80C4-45D8-AFA9-A6954935FDDE}.Debug|Any CPU.Build.0 = Debug|Any CPU
		{E020FFC0-80C4-45D8-AFA9-A6954935FDDE}.Debug|Any CPU.Deploy.0 = Debug|Any CPU
		{E020FFC0-80C4-45D8-AFA9-A6954935FDDE}.Debug|ARM.ActiveCfg = Debug|Any CPU
		{E020FFC0-80C4-45D8-AFA9-A6954935FDDE}.Debug|ARM.Build.0 = Debug|Any CPU
		{E020FFC0-80C4-45D8-AFA9-A6954935FDDE}.Debug|ARM.Deploy.0 = Debug|Any CPU
		{E020FFC0-80C4-45D8-AFA9-A6954935FDDE}.Debug|iPhone.ActiveCfg = Debug|Any CPU
		{E020FFC0-80C4-45D8-AFA9-A6954935FDDE}.Debug|iPhone.Build.0 = Debug|Any CPU
		{E020FFC0-80C4-45D8-AFA9-A6954935FDDE}.Debug|iPhone.Deploy.0 = Debug|Any CPU
		{E020FFC0-80C4-45D8-AFA9-A6954935FDDE}.Debug|iPhoneSimulator.ActiveCfg = Debug|Any CPU
		{E020FFC0-80C4-45D8-AFA9-A6954935FDDE}.Debug|iPhoneSimulator.Build.0 = Debug|Any CPU
		{E020FFC0-80C4-45D8-AFA9-A6954935FDDE}.Debug|iPhoneSimulator.Deploy.0 = Debug|Any CPU
		{E020FFC0-80C4-45D8-AFA9-A6954935FDDE}.Debug|x64.ActiveCfg = Debug|Any CPU
		{E020FFC0-80C4-45D8-AFA9-A6954935FDDE}.Debug|x86.ActiveCfg = Debug|Any CPU
		{E020FFC0-80C4-45D8-AFA9-A6954935FDDE}.Release_Android|Any CPU.ActiveCfg = Release|Any CPU
		{E020FFC0-80C4-45D8-AFA9-A6954935FDDE}.Release_Android|Any CPU.Build.0 = Release|Any CPU
		{E020FFC0-80C4-45D8-AFA9-A6954935FDDE}.Release_Android|Any CPU.Deploy.0 = Release|Any CPU
		{E020FFC0-80C4-45D8-AFA9-A6954935FDDE}.Release_Android|ARM.ActiveCfg = Release|Any CPU
		{E020FFC0-80C4-45D8-AFA9-A6954935FDDE}.Release_Android|ARM.Build.0 = Release|Any CPU
		{E020FFC0-80C4-45D8-AFA9-A6954935FDDE}.Release_Android|ARM.Deploy.0 = Release|Any CPU
		{E020FFC0-80C4-45D8-AFA9-A6954935FDDE}.Release_Android|iPhone.ActiveCfg = Release|Any CPU
		{E020FFC0-80C4-45D8-AFA9-A6954935FDDE}.Release_Android|iPhone.Build.0 = Release|Any CPU
		{E020FFC0-80C4-45D8-AFA9-A6954935FDDE}.Release_Android|iPhone.Deploy.0 = Release|Any CPU
		{E020FFC0-80C4-45D8-AFA9-A6954935FDDE}.Release_Android|iPhoneSimulator.ActiveCfg = Release|Any CPU
		{E020FFC0-80C4-45D8-AFA9-A6954935FDDE}.Release_Android|iPhoneSimulator.Build.0 = Release|Any CPU
		{E020FFC0-80C4-45D8-AFA9-A6954935FDDE}.Release_Android|iPhoneSimulator.Deploy.0 = Release|Any CPU
		{E020FFC0-80C4-45D8-AFA9-A6954935FDDE}.Release_Android|x64.ActiveCfg = Release|Any CPU
		{E020FFC0-80C4-45D8-AFA9-A6954935FDDE}.Release_Android|x64.Build.0 = Release|Any CPU
		{E020FFC0-80C4-45D8-AFA9-A6954935FDDE}.Release_Android|x64.Deploy.0 = Release|Any CPU
		{E020FFC0-80C4-45D8-AFA9-A6954935FDDE}.Release_Android|x86.ActiveCfg = Release|Any CPU
		{E020FFC0-80C4-45D8-AFA9-A6954935FDDE}.Release_Android|x86.Build.0 = Release|Any CPU
		{E020FFC0-80C4-45D8-AFA9-A6954935FDDE}.Release_Android|x86.Deploy.0 = Release|Any CPU
		{E020FFC0-80C4-45D8-AFA9-A6954935FDDE}.Release_iOS|Any CPU.ActiveCfg = Release|Any CPU
		{E020FFC0-80C4-45D8-AFA9-A6954935FDDE}.Release_iOS|ARM.ActiveCfg = Release|Any CPU
		{E020FFC0-80C4-45D8-AFA9-A6954935FDDE}.Release_iOS|ARM.Build.0 = Release|Any CPU
		{E020FFC0-80C4-45D8-AFA9-A6954935FDDE}.Release_iOS|ARM.Deploy.0 = Release|Any CPU
		{E020FFC0-80C4-45D8-AFA9-A6954935FDDE}.Release_iOS|iPhone.ActiveCfg = Release|Any CPU
		{E020FFC0-80C4-45D8-AFA9-A6954935FDDE}.Release_iOS|iPhone.Build.0 = Release|Any CPU
		{E020FFC0-80C4-45D8-AFA9-A6954935FDDE}.Release_iOS|iPhone.Deploy.0 = Release|Any CPU
		{E020FFC0-80C4-45D8-AFA9-A6954935FDDE}.Release_iOS|iPhoneSimulator.ActiveCfg = Release|Any CPU
		{E020FFC0-80C4-45D8-AFA9-A6954935FDDE}.Release_iOS|iPhoneSimulator.Build.0 = Release|Any CPU
		{E020FFC0-80C4-45D8-AFA9-A6954935FDDE}.Release_iOS|iPhoneSimulator.Deploy.0 = Release|Any CPU
		{E020FFC0-80C4-45D8-AFA9-A6954935FDDE}.Release_iOS|x64.ActiveCfg = Release|Any CPU
		{E020FFC0-80C4-45D8-AFA9-A6954935FDDE}.Release_iOS|x64.Build.0 = Release|Any CPU
		{E020FFC0-80C4-45D8-AFA9-A6954935FDDE}.Release_iOS|x64.Deploy.0 = Release|Any CPU
		{E020FFC0-80C4-45D8-AFA9-A6954935FDDE}.Release_iOS|x86.ActiveCfg = Release|Any CPU
		{E020FFC0-80C4-45D8-AFA9-A6954935FDDE}.Release_iOS|x86.Build.0 = Release|Any CPU
		{E020FFC0-80C4-45D8-AFA9-A6954935FDDE}.Release_iOS|x86.Deploy.0 = Release|Any CPU
		{E020FFC0-80C4-45D8-AFA9-A6954935FDDE}.Release_Tests|Any CPU.ActiveCfg = Release|Any CPU
		{E020FFC0-80C4-45D8-AFA9-A6954935FDDE}.Release_Tests|ARM.ActiveCfg = Release|Any CPU
		{E020FFC0-80C4-45D8-AFA9-A6954935FDDE}.Release_Tests|iPhone.ActiveCfg = Release|Any CPU
		{E020FFC0-80C4-45D8-AFA9-A6954935FDDE}.Release_Tests|iPhoneSimulator.ActiveCfg = Release|Any CPU
		{E020FFC0-80C4-45D8-AFA9-A6954935FDDE}.Release_Tests|x64.ActiveCfg = Release|Any CPU
		{E020FFC0-80C4-45D8-AFA9-A6954935FDDE}.Release_Tests|x86.ActiveCfg = Release|Any CPU
		{E020FFC0-80C4-45D8-AFA9-A6954935FDDE}.Release_UWP|Any CPU.ActiveCfg = Release|Any CPU
		{E020FFC0-80C4-45D8-AFA9-A6954935FDDE}.Release_UWP|ARM.ActiveCfg = Release|Any CPU
		{E020FFC0-80C4-45D8-AFA9-A6954935FDDE}.Release_UWP|iPhone.ActiveCfg = Release|Any CPU
		{E020FFC0-80C4-45D8-AFA9-A6954935FDDE}.Release_UWP|iPhoneSimulator.ActiveCfg = Release|Any CPU
		{E020FFC0-80C4-45D8-AFA9-A6954935FDDE}.Release_UWP|x64.ActiveCfg = Release|Any CPU
		{E020FFC0-80C4-45D8-AFA9-A6954935FDDE}.Release_UWP|x86.ActiveCfg = Release|Any CPU
		{E020FFC0-80C4-45D8-AFA9-A6954935FDDE}.Release_WASM|Any CPU.ActiveCfg = Release|Any CPU
		{E020FFC0-80C4-45D8-AFA9-A6954935FDDE}.Release_WASM|ARM.ActiveCfg = Release|Any CPU
		{E020FFC0-80C4-45D8-AFA9-A6954935FDDE}.Release_WASM|iPhone.ActiveCfg = Release|Any CPU
		{E020FFC0-80C4-45D8-AFA9-A6954935FDDE}.Release_WASM|iPhoneSimulator.ActiveCfg = Release|Any CPU
		{E020FFC0-80C4-45D8-AFA9-A6954935FDDE}.Release_WASM|x64.ActiveCfg = Release|Any CPU
		{E020FFC0-80C4-45D8-AFA9-A6954935FDDE}.Release_WASM|x86.ActiveCfg = Release|Any CPU
		{E020FFC0-80C4-45D8-AFA9-A6954935FDDE}.Release|Any CPU.ActiveCfg = Release|Any CPU
		{E020FFC0-80C4-45D8-AFA9-A6954935FDDE}.Release|Any CPU.Build.0 = Release|Any CPU
		{E020FFC0-80C4-45D8-AFA9-A6954935FDDE}.Release|Any CPU.Deploy.0 = Release|Any CPU
		{E020FFC0-80C4-45D8-AFA9-A6954935FDDE}.Release|ARM.ActiveCfg = Release|Any CPU
		{E020FFC0-80C4-45D8-AFA9-A6954935FDDE}.Release|ARM.Build.0 = Release|Any CPU
		{E020FFC0-80C4-45D8-AFA9-A6954935FDDE}.Release|ARM.Deploy.0 = Release|Any CPU
		{E020FFC0-80C4-45D8-AFA9-A6954935FDDE}.Release|iPhone.ActiveCfg = Release|Any CPU
		{E020FFC0-80C4-45D8-AFA9-A6954935FDDE}.Release|iPhone.Build.0 = Release|Any CPU
		{E020FFC0-80C4-45D8-AFA9-A6954935FDDE}.Release|iPhone.Deploy.0 = Release|Any CPU
		{E020FFC0-80C4-45D8-AFA9-A6954935FDDE}.Release|iPhoneSimulator.ActiveCfg = Release|Any CPU
		{E020FFC0-80C4-45D8-AFA9-A6954935FDDE}.Release|iPhoneSimulator.Build.0 = Release|Any CPU
		{E020FFC0-80C4-45D8-AFA9-A6954935FDDE}.Release|iPhoneSimulator.Deploy.0 = Release|Any CPU
		{E020FFC0-80C4-45D8-AFA9-A6954935FDDE}.Release|x64.ActiveCfg = Release|Any CPU
		{E020FFC0-80C4-45D8-AFA9-A6954935FDDE}.Release|x64.Build.0 = Release|Any CPU
		{E020FFC0-80C4-45D8-AFA9-A6954935FDDE}.Release|x64.Deploy.0 = Release|Any CPU
		{E020FFC0-80C4-45D8-AFA9-A6954935FDDE}.Release|x86.ActiveCfg = Release|Any CPU
		{E020FFC0-80C4-45D8-AFA9-A6954935FDDE}.Release|x86.Build.0 = Release|Any CPU
		{E020FFC0-80C4-45D8-AFA9-A6954935FDDE}.Release|x86.Deploy.0 = Release|Any CPU
		{B7F111B6-6C94-41E1-BB0B-1895415D8261}.Debug|Any CPU.ActiveCfg = Debug|iPhone
		{B7F111B6-6C94-41E1-BB0B-1895415D8261}.Debug|Any CPU.Build.0 = Debug|iPhone
		{B7F111B6-6C94-41E1-BB0B-1895415D8261}.Debug|Any CPU.Deploy.0 = Debug|iPhone
		{B7F111B6-6C94-41E1-BB0B-1895415D8261}.Debug|ARM.ActiveCfg = Debug|iPhone
		{B7F111B6-6C94-41E1-BB0B-1895415D8261}.Debug|iPhone.ActiveCfg = Debug|iPhone
		{B7F111B6-6C94-41E1-BB0B-1895415D8261}.Debug|iPhone.Build.0 = Debug|iPhone
		{B7F111B6-6C94-41E1-BB0B-1895415D8261}.Debug|iPhone.Deploy.0 = Debug|iPhone
		{B7F111B6-6C94-41E1-BB0B-1895415D8261}.Debug|iPhoneSimulator.ActiveCfg = Debug|iPhoneSimulator
		{B7F111B6-6C94-41E1-BB0B-1895415D8261}.Debug|iPhoneSimulator.Build.0 = Debug|iPhoneSimulator
		{B7F111B6-6C94-41E1-BB0B-1895415D8261}.Debug|x64.ActiveCfg = Debug|iPhone
		{B7F111B6-6C94-41E1-BB0B-1895415D8261}.Debug|x86.ActiveCfg = Debug|iPhone
		{B7F111B6-6C94-41E1-BB0B-1895415D8261}.Release_Android|Any CPU.ActiveCfg = Release|iPhone
		{B7F111B6-6C94-41E1-BB0B-1895415D8261}.Release_Android|ARM.ActiveCfg = Release|iPhone
		{B7F111B6-6C94-41E1-BB0B-1895415D8261}.Release_Android|ARM.Build.0 = Release|iPhone
		{B7F111B6-6C94-41E1-BB0B-1895415D8261}.Release_Android|ARM.Deploy.0 = Release|iPhone
		{B7F111B6-6C94-41E1-BB0B-1895415D8261}.Release_Android|iPhone.ActiveCfg = Release|iPhone
		{B7F111B6-6C94-41E1-BB0B-1895415D8261}.Release_Android|iPhone.Build.0 = Release|iPhone
		{B7F111B6-6C94-41E1-BB0B-1895415D8261}.Release_Android|iPhoneSimulator.ActiveCfg = Release|iPhoneSimulator
		{B7F111B6-6C94-41E1-BB0B-1895415D8261}.Release_Android|iPhoneSimulator.Build.0 = Release|iPhoneSimulator
		{B7F111B6-6C94-41E1-BB0B-1895415D8261}.Release_Android|x64.ActiveCfg = Release|iPhone
		{B7F111B6-6C94-41E1-BB0B-1895415D8261}.Release_Android|x64.Build.0 = Release|iPhone
		{B7F111B6-6C94-41E1-BB0B-1895415D8261}.Release_Android|x86.ActiveCfg = Release|iPhone
		{B7F111B6-6C94-41E1-BB0B-1895415D8261}.Release_Android|x86.Build.0 = Release|iPhone
		{B7F111B6-6C94-41E1-BB0B-1895415D8261}.Release_iOS|Any CPU.ActiveCfg = Release|iPhone
		{B7F111B6-6C94-41E1-BB0B-1895415D8261}.Release_iOS|Any CPU.Build.0 = Release|iPhone
		{B7F111B6-6C94-41E1-BB0B-1895415D8261}.Release_iOS|ARM.ActiveCfg = Release|iPhone
		{B7F111B6-6C94-41E1-BB0B-1895415D8261}.Release_iOS|ARM.Build.0 = Release|iPhone
		{B7F111B6-6C94-41E1-BB0B-1895415D8261}.Release_iOS|ARM.Deploy.0 = Release|iPhone
		{B7F111B6-6C94-41E1-BB0B-1895415D8261}.Release_iOS|iPhone.ActiveCfg = Release|iPhone
		{B7F111B6-6C94-41E1-BB0B-1895415D8261}.Release_iOS|iPhone.Build.0 = Release|iPhone
		{B7F111B6-6C94-41E1-BB0B-1895415D8261}.Release_iOS|iPhoneSimulator.ActiveCfg = Release|iPhoneSimulator
		{B7F111B6-6C94-41E1-BB0B-1895415D8261}.Release_iOS|iPhoneSimulator.Build.0 = Release|iPhoneSimulator
		{B7F111B6-6C94-41E1-BB0B-1895415D8261}.Release_iOS|x64.ActiveCfg = Release|iPhone
		{B7F111B6-6C94-41E1-BB0B-1895415D8261}.Release_iOS|x64.Build.0 = Release|iPhone
		{B7F111B6-6C94-41E1-BB0B-1895415D8261}.Release_iOS|x86.ActiveCfg = Release|iPhone
		{B7F111B6-6C94-41E1-BB0B-1895415D8261}.Release_iOS|x86.Build.0 = Release|iPhone
		{B7F111B6-6C94-41E1-BB0B-1895415D8261}.Release_Tests|Any CPU.ActiveCfg = Release|iPhone
		{B7F111B6-6C94-41E1-BB0B-1895415D8261}.Release_Tests|ARM.ActiveCfg = Release|iPhone
		{B7F111B6-6C94-41E1-BB0B-1895415D8261}.Release_Tests|iPhone.ActiveCfg = Release|iPhone
		{B7F111B6-6C94-41E1-BB0B-1895415D8261}.Release_Tests|iPhoneSimulator.ActiveCfg = Release|iPhoneSimulator
		{B7F111B6-6C94-41E1-BB0B-1895415D8261}.Release_Tests|x64.ActiveCfg = Release|iPhone
		{B7F111B6-6C94-41E1-BB0B-1895415D8261}.Release_Tests|x86.ActiveCfg = Release|iPhone
		{B7F111B6-6C94-41E1-BB0B-1895415D8261}.Release_UWP|Any CPU.ActiveCfg = Release|iPhone
		{B7F111B6-6C94-41E1-BB0B-1895415D8261}.Release_UWP|ARM.ActiveCfg = Release|iPhone
		{B7F111B6-6C94-41E1-BB0B-1895415D8261}.Release_UWP|iPhone.ActiveCfg = Release|iPhone
		{B7F111B6-6C94-41E1-BB0B-1895415D8261}.Release_UWP|iPhoneSimulator.ActiveCfg = Release|iPhoneSimulator
		{B7F111B6-6C94-41E1-BB0B-1895415D8261}.Release_UWP|x64.ActiveCfg = Release|iPhone
		{B7F111B6-6C94-41E1-BB0B-1895415D8261}.Release_UWP|x86.ActiveCfg = Release|iPhone
		{B7F111B6-6C94-41E1-BB0B-1895415D8261}.Release_WASM|Any CPU.ActiveCfg = Release|iPhone
		{B7F111B6-6C94-41E1-BB0B-1895415D8261}.Release_WASM|ARM.ActiveCfg = Release|iPhone
		{B7F111B6-6C94-41E1-BB0B-1895415D8261}.Release_WASM|iPhone.ActiveCfg = Release|iPhone
		{B7F111B6-6C94-41E1-BB0B-1895415D8261}.Release_WASM|iPhoneSimulator.ActiveCfg = Release|iPhoneSimulator
		{B7F111B6-6C94-41E1-BB0B-1895415D8261}.Release_WASM|x64.ActiveCfg = Release|iPhone
		{B7F111B6-6C94-41E1-BB0B-1895415D8261}.Release_WASM|x86.ActiveCfg = Release|iPhone
		{B7F111B6-6C94-41E1-BB0B-1895415D8261}.Release|Any CPU.ActiveCfg = Release|iPhone
		{B7F111B6-6C94-41E1-BB0B-1895415D8261}.Release|ARM.ActiveCfg = Release|iPhone
		{B7F111B6-6C94-41E1-BB0B-1895415D8261}.Release|iPhone.ActiveCfg = Release|iPhone
		{B7F111B6-6C94-41E1-BB0B-1895415D8261}.Release|iPhone.Build.0 = Release|iPhone
		{B7F111B6-6C94-41E1-BB0B-1895415D8261}.Release|iPhoneSimulator.ActiveCfg = Release|iPhoneSimulator
		{B7F111B6-6C94-41E1-BB0B-1895415D8261}.Release|iPhoneSimulator.Build.0 = Release|iPhoneSimulator
		{B7F111B6-6C94-41E1-BB0B-1895415D8261}.Release|x64.ActiveCfg = Release|iPhone
		{B7F111B6-6C94-41E1-BB0B-1895415D8261}.Release|x86.ActiveCfg = Release|iPhone
		{666B7587-AAB4-485B-AA47-10F58793FA35}.Debug|Any CPU.ActiveCfg = Debug|Any CPU
		{666B7587-AAB4-485B-AA47-10F58793FA35}.Debug|Any CPU.Build.0 = Debug|Any CPU
		{666B7587-AAB4-485B-AA47-10F58793FA35}.Debug|ARM.ActiveCfg = Debug|Any CPU
		{666B7587-AAB4-485B-AA47-10F58793FA35}.Debug|ARM.Build.0 = Debug|Any CPU
		{666B7587-AAB4-485B-AA47-10F58793FA35}.Debug|iPhone.ActiveCfg = Debug|Any CPU
		{666B7587-AAB4-485B-AA47-10F58793FA35}.Debug|iPhone.Build.0 = Debug|Any CPU
		{666B7587-AAB4-485B-AA47-10F58793FA35}.Debug|iPhoneSimulator.ActiveCfg = Debug|Any CPU
		{666B7587-AAB4-485B-AA47-10F58793FA35}.Debug|iPhoneSimulator.Build.0 = Debug|Any CPU
		{666B7587-AAB4-485B-AA47-10F58793FA35}.Debug|x64.ActiveCfg = Debug|Any CPU
		{666B7587-AAB4-485B-AA47-10F58793FA35}.Debug|x64.Build.0 = Debug|Any CPU
		{666B7587-AAB4-485B-AA47-10F58793FA35}.Debug|x86.ActiveCfg = Debug|Any CPU
		{666B7587-AAB4-485B-AA47-10F58793FA35}.Debug|x86.Build.0 = Debug|Any CPU
		{666B7587-AAB4-485B-AA47-10F58793FA35}.Release_Android|Any CPU.ActiveCfg = Release|Any CPU
		{666B7587-AAB4-485B-AA47-10F58793FA35}.Release_Android|ARM.ActiveCfg = Release|Any CPU
		{666B7587-AAB4-485B-AA47-10F58793FA35}.Release_Android|ARM.Build.0 = Release|Any CPU
		{666B7587-AAB4-485B-AA47-10F58793FA35}.Release_Android|iPhone.ActiveCfg = Release|Any CPU
		{666B7587-AAB4-485B-AA47-10F58793FA35}.Release_Android|iPhone.Build.0 = Release|Any CPU
		{666B7587-AAB4-485B-AA47-10F58793FA35}.Release_Android|iPhoneSimulator.ActiveCfg = Release|Any CPU
		{666B7587-AAB4-485B-AA47-10F58793FA35}.Release_Android|iPhoneSimulator.Build.0 = Release|Any CPU
		{666B7587-AAB4-485B-AA47-10F58793FA35}.Release_Android|x64.ActiveCfg = Release|Any CPU
		{666B7587-AAB4-485B-AA47-10F58793FA35}.Release_Android|x64.Build.0 = Release|Any CPU
		{666B7587-AAB4-485B-AA47-10F58793FA35}.Release_Android|x86.ActiveCfg = Release|Any CPU
		{666B7587-AAB4-485B-AA47-10F58793FA35}.Release_Android|x86.Build.0 = Release|Any CPU
		{666B7587-AAB4-485B-AA47-10F58793FA35}.Release_iOS|Any CPU.ActiveCfg = Release|Any CPU
		{666B7587-AAB4-485B-AA47-10F58793FA35}.Release_iOS|ARM.ActiveCfg = Release|Any CPU
		{666B7587-AAB4-485B-AA47-10F58793FA35}.Release_iOS|ARM.Build.0 = Release|Any CPU
		{666B7587-AAB4-485B-AA47-10F58793FA35}.Release_iOS|iPhone.ActiveCfg = Release|Any CPU
		{666B7587-AAB4-485B-AA47-10F58793FA35}.Release_iOS|iPhone.Build.0 = Release|Any CPU
		{666B7587-AAB4-485B-AA47-10F58793FA35}.Release_iOS|iPhoneSimulator.ActiveCfg = Release|Any CPU
		{666B7587-AAB4-485B-AA47-10F58793FA35}.Release_iOS|iPhoneSimulator.Build.0 = Release|Any CPU
		{666B7587-AAB4-485B-AA47-10F58793FA35}.Release_iOS|x64.ActiveCfg = Release|Any CPU
		{666B7587-AAB4-485B-AA47-10F58793FA35}.Release_iOS|x64.Build.0 = Release|Any CPU
		{666B7587-AAB4-485B-AA47-10F58793FA35}.Release_iOS|x86.ActiveCfg = Release|Any CPU
		{666B7587-AAB4-485B-AA47-10F58793FA35}.Release_iOS|x86.Build.0 = Release|Any CPU
		{666B7587-AAB4-485B-AA47-10F58793FA35}.Release_Tests|Any CPU.ActiveCfg = Release|Any CPU
		{666B7587-AAB4-485B-AA47-10F58793FA35}.Release_Tests|Any CPU.Build.0 = Release|Any CPU
		{666B7587-AAB4-485B-AA47-10F58793FA35}.Release_Tests|ARM.ActiveCfg = Release|Any CPU
		{666B7587-AAB4-485B-AA47-10F58793FA35}.Release_Tests|iPhone.ActiveCfg = Release|Any CPU
		{666B7587-AAB4-485B-AA47-10F58793FA35}.Release_Tests|iPhoneSimulator.ActiveCfg = Release|Any CPU
		{666B7587-AAB4-485B-AA47-10F58793FA35}.Release_Tests|x64.ActiveCfg = Release|Any CPU
		{666B7587-AAB4-485B-AA47-10F58793FA35}.Release_Tests|x86.ActiveCfg = Release|Any CPU
		{666B7587-AAB4-485B-AA47-10F58793FA35}.Release_UWP|Any CPU.ActiveCfg = Release|Any CPU
		{666B7587-AAB4-485B-AA47-10F58793FA35}.Release_UWP|ARM.ActiveCfg = Release|Any CPU
		{666B7587-AAB4-485B-AA47-10F58793FA35}.Release_UWP|iPhone.ActiveCfg = Release|Any CPU
		{666B7587-AAB4-485B-AA47-10F58793FA35}.Release_UWP|iPhoneSimulator.ActiveCfg = Release|Any CPU
		{666B7587-AAB4-485B-AA47-10F58793FA35}.Release_UWP|x64.ActiveCfg = Release|Any CPU
		{666B7587-AAB4-485B-AA47-10F58793FA35}.Release_UWP|x86.ActiveCfg = Release|Any CPU
		{666B7587-AAB4-485B-AA47-10F58793FA35}.Release_WASM|Any CPU.ActiveCfg = Release|Any CPU
		{666B7587-AAB4-485B-AA47-10F58793FA35}.Release_WASM|ARM.ActiveCfg = Release|Any CPU
		{666B7587-AAB4-485B-AA47-10F58793FA35}.Release_WASM|iPhone.ActiveCfg = Release|Any CPU
		{666B7587-AAB4-485B-AA47-10F58793FA35}.Release_WASM|iPhoneSimulator.ActiveCfg = Release|Any CPU
		{666B7587-AAB4-485B-AA47-10F58793FA35}.Release_WASM|x64.ActiveCfg = Release|Any CPU
		{666B7587-AAB4-485B-AA47-10F58793FA35}.Release_WASM|x86.ActiveCfg = Release|Any CPU
		{666B7587-AAB4-485B-AA47-10F58793FA35}.Release|Any CPU.ActiveCfg = Release|Any CPU
		{666B7587-AAB4-485B-AA47-10F58793FA35}.Release|Any CPU.Build.0 = Release|Any CPU
		{666B7587-AAB4-485B-AA47-10F58793FA35}.Release|ARM.ActiveCfg = Release|Any CPU
		{666B7587-AAB4-485B-AA47-10F58793FA35}.Release|ARM.Build.0 = Release|Any CPU
		{666B7587-AAB4-485B-AA47-10F58793FA35}.Release|iPhone.ActiveCfg = Release|Any CPU
		{666B7587-AAB4-485B-AA47-10F58793FA35}.Release|iPhone.Build.0 = Release|Any CPU
		{666B7587-AAB4-485B-AA47-10F58793FA35}.Release|iPhoneSimulator.ActiveCfg = Release|Any CPU
		{666B7587-AAB4-485B-AA47-10F58793FA35}.Release|iPhoneSimulator.Build.0 = Release|Any CPU
		{666B7587-AAB4-485B-AA47-10F58793FA35}.Release|x64.ActiveCfg = Release|Any CPU
		{666B7587-AAB4-485B-AA47-10F58793FA35}.Release|x64.Build.0 = Release|Any CPU
		{666B7587-AAB4-485B-AA47-10F58793FA35}.Release|x86.ActiveCfg = Release|Any CPU
		{666B7587-AAB4-485B-AA47-10F58793FA35}.Release|x86.Build.0 = Release|Any CPU
		{C76E144C-92AD-4B8F-93F4-232D1CCDDAF0}.Debug|Any CPU.ActiveCfg = Debug|x86
		{C76E144C-92AD-4B8F-93F4-232D1CCDDAF0}.Debug|Any CPU.Build.0 = Debug|x86
		{C76E144C-92AD-4B8F-93F4-232D1CCDDAF0}.Debug|Any CPU.Deploy.0 = Debug|x86
		{C76E144C-92AD-4B8F-93F4-232D1CCDDAF0}.Debug|ARM.ActiveCfg = Debug|ARM
		{C76E144C-92AD-4B8F-93F4-232D1CCDDAF0}.Debug|ARM.Build.0 = Debug|ARM
		{C76E144C-92AD-4B8F-93F4-232D1CCDDAF0}.Debug|ARM.Deploy.0 = Debug|ARM
		{C76E144C-92AD-4B8F-93F4-232D1CCDDAF0}.Debug|iPhone.ActiveCfg = Debug|x86
		{C76E144C-92AD-4B8F-93F4-232D1CCDDAF0}.Debug|iPhoneSimulator.ActiveCfg = Debug|x86
		{C76E144C-92AD-4B8F-93F4-232D1CCDDAF0}.Debug|x64.ActiveCfg = Debug|x64
		{C76E144C-92AD-4B8F-93F4-232D1CCDDAF0}.Debug|x64.Build.0 = Debug|x64
		{C76E144C-92AD-4B8F-93F4-232D1CCDDAF0}.Debug|x64.Deploy.0 = Debug|x64
		{C76E144C-92AD-4B8F-93F4-232D1CCDDAF0}.Debug|x86.ActiveCfg = Debug|x86
		{C76E144C-92AD-4B8F-93F4-232D1CCDDAF0}.Debug|x86.Build.0 = Debug|x86
		{C76E144C-92AD-4B8F-93F4-232D1CCDDAF0}.Debug|x86.Deploy.0 = Debug|x86
		{C76E144C-92AD-4B8F-93F4-232D1CCDDAF0}.Release_Android|Any CPU.ActiveCfg = Release|x64
		{C76E144C-92AD-4B8F-93F4-232D1CCDDAF0}.Release_Android|Any CPU.Deploy.0 = Release|x64
		{C76E144C-92AD-4B8F-93F4-232D1CCDDAF0}.Release_Android|ARM.ActiveCfg = Release|ARM
		{C76E144C-92AD-4B8F-93F4-232D1CCDDAF0}.Release_Android|ARM.Build.0 = Release|ARM
		{C76E144C-92AD-4B8F-93F4-232D1CCDDAF0}.Release_Android|ARM.Deploy.0 = Release|ARM
		{C76E144C-92AD-4B8F-93F4-232D1CCDDAF0}.Release_Android|iPhone.ActiveCfg = Release|x64
		{C76E144C-92AD-4B8F-93F4-232D1CCDDAF0}.Release_Android|iPhone.Build.0 = Release|x64
		{C76E144C-92AD-4B8F-93F4-232D1CCDDAF0}.Release_Android|iPhone.Deploy.0 = Release|x64
		{C76E144C-92AD-4B8F-93F4-232D1CCDDAF0}.Release_Android|iPhoneSimulator.ActiveCfg = Release|x64
		{C76E144C-92AD-4B8F-93F4-232D1CCDDAF0}.Release_Android|iPhoneSimulator.Build.0 = Release|x64
		{C76E144C-92AD-4B8F-93F4-232D1CCDDAF0}.Release_Android|iPhoneSimulator.Deploy.0 = Release|x64
		{C76E144C-92AD-4B8F-93F4-232D1CCDDAF0}.Release_Android|x64.ActiveCfg = Release|x64
		{C76E144C-92AD-4B8F-93F4-232D1CCDDAF0}.Release_Android|x64.Build.0 = Release|x64
		{C76E144C-92AD-4B8F-93F4-232D1CCDDAF0}.Release_Android|x64.Deploy.0 = Release|x64
		{C76E144C-92AD-4B8F-93F4-232D1CCDDAF0}.Release_Android|x86.ActiveCfg = Release|x86
		{C76E144C-92AD-4B8F-93F4-232D1CCDDAF0}.Release_Android|x86.Build.0 = Release|x86
		{C76E144C-92AD-4B8F-93F4-232D1CCDDAF0}.Release_Android|x86.Deploy.0 = Release|x86
		{C76E144C-92AD-4B8F-93F4-232D1CCDDAF0}.Release_iOS|Any CPU.ActiveCfg = Release|x64
		{C76E144C-92AD-4B8F-93F4-232D1CCDDAF0}.Release_iOS|ARM.ActiveCfg = Release|ARM
		{C76E144C-92AD-4B8F-93F4-232D1CCDDAF0}.Release_iOS|ARM.Build.0 = Release|ARM
		{C76E144C-92AD-4B8F-93F4-232D1CCDDAF0}.Release_iOS|ARM.Deploy.0 = Release|ARM
		{C76E144C-92AD-4B8F-93F4-232D1CCDDAF0}.Release_iOS|iPhone.ActiveCfg = Release|x64
		{C76E144C-92AD-4B8F-93F4-232D1CCDDAF0}.Release_iOS|iPhone.Build.0 = Release|x64
		{C76E144C-92AD-4B8F-93F4-232D1CCDDAF0}.Release_iOS|iPhone.Deploy.0 = Release|x64
		{C76E144C-92AD-4B8F-93F4-232D1CCDDAF0}.Release_iOS|iPhoneSimulator.ActiveCfg = Release|x64
		{C76E144C-92AD-4B8F-93F4-232D1CCDDAF0}.Release_iOS|iPhoneSimulator.Build.0 = Release|x64
		{C76E144C-92AD-4B8F-93F4-232D1CCDDAF0}.Release_iOS|iPhoneSimulator.Deploy.0 = Release|x64
		{C76E144C-92AD-4B8F-93F4-232D1CCDDAF0}.Release_iOS|x64.ActiveCfg = Release|x64
		{C76E144C-92AD-4B8F-93F4-232D1CCDDAF0}.Release_iOS|x64.Build.0 = Release|x64
		{C76E144C-92AD-4B8F-93F4-232D1CCDDAF0}.Release_iOS|x64.Deploy.0 = Release|x64
		{C76E144C-92AD-4B8F-93F4-232D1CCDDAF0}.Release_iOS|x86.ActiveCfg = Release|x86
		{C76E144C-92AD-4B8F-93F4-232D1CCDDAF0}.Release_iOS|x86.Build.0 = Release|x86
		{C76E144C-92AD-4B8F-93F4-232D1CCDDAF0}.Release_iOS|x86.Deploy.0 = Release|x86
		{C76E144C-92AD-4B8F-93F4-232D1CCDDAF0}.Release_Tests|Any CPU.ActiveCfg = Release|x64
		{C76E144C-92AD-4B8F-93F4-232D1CCDDAF0}.Release_Tests|ARM.ActiveCfg = Release|ARM
		{C76E144C-92AD-4B8F-93F4-232D1CCDDAF0}.Release_Tests|iPhone.ActiveCfg = Release|x64
		{C76E144C-92AD-4B8F-93F4-232D1CCDDAF0}.Release_Tests|iPhoneSimulator.ActiveCfg = Release|x64
		{C76E144C-92AD-4B8F-93F4-232D1CCDDAF0}.Release_Tests|x64.ActiveCfg = Release|x64
		{C76E144C-92AD-4B8F-93F4-232D1CCDDAF0}.Release_Tests|x86.ActiveCfg = Release|x86
		{C76E144C-92AD-4B8F-93F4-232D1CCDDAF0}.Release_UWP|Any CPU.ActiveCfg = Release|x64
		{C76E144C-92AD-4B8F-93F4-232D1CCDDAF0}.Release_UWP|Any CPU.Build.0 = Release|x64
		{C76E144C-92AD-4B8F-93F4-232D1CCDDAF0}.Release_UWP|Any CPU.Deploy.0 = Release|x64
		{C76E144C-92AD-4B8F-93F4-232D1CCDDAF0}.Release_UWP|ARM.ActiveCfg = Release|ARM
		{C76E144C-92AD-4B8F-93F4-232D1CCDDAF0}.Release_UWP|ARM.Build.0 = Release|ARM
		{C76E144C-92AD-4B8F-93F4-232D1CCDDAF0}.Release_UWP|ARM.Deploy.0 = Release|ARM
		{C76E144C-92AD-4B8F-93F4-232D1CCDDAF0}.Release_UWP|iPhone.ActiveCfg = Release|x64
		{C76E144C-92AD-4B8F-93F4-232D1CCDDAF0}.Release_UWP|iPhoneSimulator.ActiveCfg = Release|x64
		{C76E144C-92AD-4B8F-93F4-232D1CCDDAF0}.Release_UWP|x64.ActiveCfg = Release|x64
		{C76E144C-92AD-4B8F-93F4-232D1CCDDAF0}.Release_UWP|x64.Build.0 = Release|x64
		{C76E144C-92AD-4B8F-93F4-232D1CCDDAF0}.Release_UWP|x64.Deploy.0 = Release|x64
		{C76E144C-92AD-4B8F-93F4-232D1CCDDAF0}.Release_UWP|x86.ActiveCfg = Release|x86
		{C76E144C-92AD-4B8F-93F4-232D1CCDDAF0}.Release_UWP|x86.Build.0 = Release|x86
		{C76E144C-92AD-4B8F-93F4-232D1CCDDAF0}.Release_UWP|x86.Deploy.0 = Release|x86
		{C76E144C-92AD-4B8F-93F4-232D1CCDDAF0}.Release_WASM|Any CPU.ActiveCfg = Release|x64
		{C76E144C-92AD-4B8F-93F4-232D1CCDDAF0}.Release_WASM|ARM.ActiveCfg = Release|ARM
		{C76E144C-92AD-4B8F-93F4-232D1CCDDAF0}.Release_WASM|iPhone.ActiveCfg = Release|x64
		{C76E144C-92AD-4B8F-93F4-232D1CCDDAF0}.Release_WASM|iPhoneSimulator.ActiveCfg = Release|x64
		{C76E144C-92AD-4B8F-93F4-232D1CCDDAF0}.Release_WASM|x64.ActiveCfg = Release|x64
		{C76E144C-92AD-4B8F-93F4-232D1CCDDAF0}.Release_WASM|x86.ActiveCfg = Release|x86
		{C76E144C-92AD-4B8F-93F4-232D1CCDDAF0}.Release|Any CPU.ActiveCfg = Release|x86
		{C76E144C-92AD-4B8F-93F4-232D1CCDDAF0}.Release|ARM.ActiveCfg = Release|ARM
		{C76E144C-92AD-4B8F-93F4-232D1CCDDAF0}.Release|ARM.Build.0 = Release|ARM
		{C76E144C-92AD-4B8F-93F4-232D1CCDDAF0}.Release|ARM.Deploy.0 = Release|ARM
		{C76E144C-92AD-4B8F-93F4-232D1CCDDAF0}.Release|iPhone.ActiveCfg = Release|x86
		{C76E144C-92AD-4B8F-93F4-232D1CCDDAF0}.Release|iPhoneSimulator.ActiveCfg = Release|x86
		{C76E144C-92AD-4B8F-93F4-232D1CCDDAF0}.Release|x64.ActiveCfg = Release|x64
		{C76E144C-92AD-4B8F-93F4-232D1CCDDAF0}.Release|x64.Build.0 = Release|x64
		{C76E144C-92AD-4B8F-93F4-232D1CCDDAF0}.Release|x64.Deploy.0 = Release|x64
		{C76E144C-92AD-4B8F-93F4-232D1CCDDAF0}.Release|x86.ActiveCfg = Release|x86
		{C76E144C-92AD-4B8F-93F4-232D1CCDDAF0}.Release|x86.Build.0 = Release|x86
		{C76E144C-92AD-4B8F-93F4-232D1CCDDAF0}.Release|x86.Deploy.0 = Release|x86
		{AD16BCE5-0D8E-4552-AA10-D0ED5B40C2D5}.Debug|Any CPU.ActiveCfg = Debug|Any CPU
		{AD16BCE5-0D8E-4552-AA10-D0ED5B40C2D5}.Debug|Any CPU.Build.0 = Debug|Any CPU
		{AD16BCE5-0D8E-4552-AA10-D0ED5B40C2D5}.Debug|ARM.ActiveCfg = Debug|Any CPU
		{AD16BCE5-0D8E-4552-AA10-D0ED5B40C2D5}.Debug|ARM.Build.0 = Debug|Any CPU
		{AD16BCE5-0D8E-4552-AA10-D0ED5B40C2D5}.Debug|iPhone.ActiveCfg = Debug|Any CPU
		{AD16BCE5-0D8E-4552-AA10-D0ED5B40C2D5}.Debug|iPhone.Build.0 = Debug|Any CPU
		{AD16BCE5-0D8E-4552-AA10-D0ED5B40C2D5}.Debug|iPhoneSimulator.ActiveCfg = Debug|Any CPU
		{AD16BCE5-0D8E-4552-AA10-D0ED5B40C2D5}.Debug|iPhoneSimulator.Build.0 = Debug|Any CPU
		{AD16BCE5-0D8E-4552-AA10-D0ED5B40C2D5}.Debug|x64.ActiveCfg = Debug|Any CPU
		{AD16BCE5-0D8E-4552-AA10-D0ED5B40C2D5}.Debug|x64.Build.0 = Debug|Any CPU
		{AD16BCE5-0D8E-4552-AA10-D0ED5B40C2D5}.Debug|x86.ActiveCfg = Debug|Any CPU
		{AD16BCE5-0D8E-4552-AA10-D0ED5B40C2D5}.Debug|x86.Build.0 = Debug|Any CPU
		{AD16BCE5-0D8E-4552-AA10-D0ED5B40C2D5}.Release_Android|Any CPU.ActiveCfg = Release|Any CPU
		{AD16BCE5-0D8E-4552-AA10-D0ED5B40C2D5}.Release_Android|ARM.ActiveCfg = Release|Any CPU
		{AD16BCE5-0D8E-4552-AA10-D0ED5B40C2D5}.Release_Android|ARM.Build.0 = Release|Any CPU
		{AD16BCE5-0D8E-4552-AA10-D0ED5B40C2D5}.Release_Android|iPhone.ActiveCfg = Release|Any CPU
		{AD16BCE5-0D8E-4552-AA10-D0ED5B40C2D5}.Release_Android|iPhone.Build.0 = Release|Any CPU
		{AD16BCE5-0D8E-4552-AA10-D0ED5B40C2D5}.Release_Android|iPhoneSimulator.ActiveCfg = Release|Any CPU
		{AD16BCE5-0D8E-4552-AA10-D0ED5B40C2D5}.Release_Android|iPhoneSimulator.Build.0 = Release|Any CPU
		{AD16BCE5-0D8E-4552-AA10-D0ED5B40C2D5}.Release_Android|x64.ActiveCfg = Release|Any CPU
		{AD16BCE5-0D8E-4552-AA10-D0ED5B40C2D5}.Release_Android|x64.Build.0 = Release|Any CPU
		{AD16BCE5-0D8E-4552-AA10-D0ED5B40C2D5}.Release_Android|x86.ActiveCfg = Release|Any CPU
		{AD16BCE5-0D8E-4552-AA10-D0ED5B40C2D5}.Release_Android|x86.Build.0 = Release|Any CPU
		{AD16BCE5-0D8E-4552-AA10-D0ED5B40C2D5}.Release_iOS|Any CPU.ActiveCfg = Release|Any CPU
		{AD16BCE5-0D8E-4552-AA10-D0ED5B40C2D5}.Release_iOS|ARM.ActiveCfg = Release|Any CPU
		{AD16BCE5-0D8E-4552-AA10-D0ED5B40C2D5}.Release_iOS|ARM.Build.0 = Release|Any CPU
		{AD16BCE5-0D8E-4552-AA10-D0ED5B40C2D5}.Release_iOS|iPhone.ActiveCfg = Release|Any CPU
		{AD16BCE5-0D8E-4552-AA10-D0ED5B40C2D5}.Release_iOS|iPhone.Build.0 = Release|Any CPU
		{AD16BCE5-0D8E-4552-AA10-D0ED5B40C2D5}.Release_iOS|iPhoneSimulator.ActiveCfg = Release|Any CPU
		{AD16BCE5-0D8E-4552-AA10-D0ED5B40C2D5}.Release_iOS|iPhoneSimulator.Build.0 = Release|Any CPU
		{AD16BCE5-0D8E-4552-AA10-D0ED5B40C2D5}.Release_iOS|x64.ActiveCfg = Release|Any CPU
		{AD16BCE5-0D8E-4552-AA10-D0ED5B40C2D5}.Release_iOS|x64.Build.0 = Release|Any CPU
		{AD16BCE5-0D8E-4552-AA10-D0ED5B40C2D5}.Release_iOS|x86.ActiveCfg = Release|Any CPU
		{AD16BCE5-0D8E-4552-AA10-D0ED5B40C2D5}.Release_iOS|x86.Build.0 = Release|Any CPU
		{AD16BCE5-0D8E-4552-AA10-D0ED5B40C2D5}.Release_Tests|Any CPU.ActiveCfg = Release|Any CPU
		{AD16BCE5-0D8E-4552-AA10-D0ED5B40C2D5}.Release_Tests|ARM.ActiveCfg = Release|Any CPU
		{AD16BCE5-0D8E-4552-AA10-D0ED5B40C2D5}.Release_Tests|ARM.Build.0 = Release|Any CPU
		{AD16BCE5-0D8E-4552-AA10-D0ED5B40C2D5}.Release_Tests|iPhone.ActiveCfg = Release|Any CPU
		{AD16BCE5-0D8E-4552-AA10-D0ED5B40C2D5}.Release_Tests|iPhone.Build.0 = Release|Any CPU
		{AD16BCE5-0D8E-4552-AA10-D0ED5B40C2D5}.Release_Tests|iPhoneSimulator.ActiveCfg = Release|Any CPU
		{AD16BCE5-0D8E-4552-AA10-D0ED5B40C2D5}.Release_Tests|iPhoneSimulator.Build.0 = Release|Any CPU
		{AD16BCE5-0D8E-4552-AA10-D0ED5B40C2D5}.Release_Tests|x64.ActiveCfg = Release|Any CPU
		{AD16BCE5-0D8E-4552-AA10-D0ED5B40C2D5}.Release_Tests|x64.Build.0 = Release|Any CPU
		{AD16BCE5-0D8E-4552-AA10-D0ED5B40C2D5}.Release_Tests|x86.ActiveCfg = Release|Any CPU
		{AD16BCE5-0D8E-4552-AA10-D0ED5B40C2D5}.Release_Tests|x86.Build.0 = Release|Any CPU
		{AD16BCE5-0D8E-4552-AA10-D0ED5B40C2D5}.Release_UWP|Any CPU.ActiveCfg = Release|Any CPU
		{AD16BCE5-0D8E-4552-AA10-D0ED5B40C2D5}.Release_UWP|ARM.ActiveCfg = Release|Any CPU
		{AD16BCE5-0D8E-4552-AA10-D0ED5B40C2D5}.Release_UWP|ARM.Build.0 = Release|Any CPU
		{AD16BCE5-0D8E-4552-AA10-D0ED5B40C2D5}.Release_UWP|iPhone.ActiveCfg = Release|Any CPU
		{AD16BCE5-0D8E-4552-AA10-D0ED5B40C2D5}.Release_UWP|iPhone.Build.0 = Release|Any CPU
		{AD16BCE5-0D8E-4552-AA10-D0ED5B40C2D5}.Release_UWP|iPhoneSimulator.ActiveCfg = Release|Any CPU
		{AD16BCE5-0D8E-4552-AA10-D0ED5B40C2D5}.Release_UWP|iPhoneSimulator.Build.0 = Release|Any CPU
		{AD16BCE5-0D8E-4552-AA10-D0ED5B40C2D5}.Release_UWP|x64.ActiveCfg = Release|Any CPU
		{AD16BCE5-0D8E-4552-AA10-D0ED5B40C2D5}.Release_UWP|x86.ActiveCfg = Release|Any CPU
		{AD16BCE5-0D8E-4552-AA10-D0ED5B40C2D5}.Release_WASM|Any CPU.ActiveCfg = Release|Any CPU
		{AD16BCE5-0D8E-4552-AA10-D0ED5B40C2D5}.Release_WASM|ARM.ActiveCfg = Release|Any CPU
		{AD16BCE5-0D8E-4552-AA10-D0ED5B40C2D5}.Release_WASM|ARM.Build.0 = Release|Any CPU
		{AD16BCE5-0D8E-4552-AA10-D0ED5B40C2D5}.Release_WASM|iPhone.ActiveCfg = Release|Any CPU
		{AD16BCE5-0D8E-4552-AA10-D0ED5B40C2D5}.Release_WASM|iPhone.Build.0 = Release|Any CPU
		{AD16BCE5-0D8E-4552-AA10-D0ED5B40C2D5}.Release_WASM|iPhoneSimulator.ActiveCfg = Release|Any CPU
		{AD16BCE5-0D8E-4552-AA10-D0ED5B40C2D5}.Release_WASM|iPhoneSimulator.Build.0 = Release|Any CPU
		{AD16BCE5-0D8E-4552-AA10-D0ED5B40C2D5}.Release_WASM|x64.ActiveCfg = Release|Any CPU
		{AD16BCE5-0D8E-4552-AA10-D0ED5B40C2D5}.Release_WASM|x64.Build.0 = Release|Any CPU
		{AD16BCE5-0D8E-4552-AA10-D0ED5B40C2D5}.Release_WASM|x86.ActiveCfg = Release|Any CPU
		{AD16BCE5-0D8E-4552-AA10-D0ED5B40C2D5}.Release_WASM|x86.Build.0 = Release|Any CPU
		{AD16BCE5-0D8E-4552-AA10-D0ED5B40C2D5}.Release|Any CPU.ActiveCfg = Release|Any CPU
		{AD16BCE5-0D8E-4552-AA10-D0ED5B40C2D5}.Release|Any CPU.Build.0 = Release|Any CPU
		{AD16BCE5-0D8E-4552-AA10-D0ED5B40C2D5}.Release|ARM.ActiveCfg = Release|Any CPU
		{AD16BCE5-0D8E-4552-AA10-D0ED5B40C2D5}.Release|ARM.Build.0 = Release|Any CPU
		{AD16BCE5-0D8E-4552-AA10-D0ED5B40C2D5}.Release|iPhone.ActiveCfg = Release|Any CPU
		{AD16BCE5-0D8E-4552-AA10-D0ED5B40C2D5}.Release|iPhone.Build.0 = Release|Any CPU
		{AD16BCE5-0D8E-4552-AA10-D0ED5B40C2D5}.Release|iPhoneSimulator.ActiveCfg = Release|Any CPU
		{AD16BCE5-0D8E-4552-AA10-D0ED5B40C2D5}.Release|iPhoneSimulator.Build.0 = Release|Any CPU
		{AD16BCE5-0D8E-4552-AA10-D0ED5B40C2D5}.Release|x64.ActiveCfg = Release|Any CPU
		{AD16BCE5-0D8E-4552-AA10-D0ED5B40C2D5}.Release|x64.Build.0 = Release|Any CPU
		{AD16BCE5-0D8E-4552-AA10-D0ED5B40C2D5}.Release|x86.ActiveCfg = Release|Any CPU
		{AD16BCE5-0D8E-4552-AA10-D0ED5B40C2D5}.Release|x86.Build.0 = Release|Any CPU
		{EDCD3803-CFDB-442B-8C2D-E779BCD1178D}.Debug|Any CPU.ActiveCfg = Debug|Any CPU
		{EDCD3803-CFDB-442B-8C2D-E779BCD1178D}.Debug|Any CPU.Build.0 = Debug|Any CPU
		{EDCD3803-CFDB-442B-8C2D-E779BCD1178D}.Debug|ARM.ActiveCfg = Debug|Any CPU
		{EDCD3803-CFDB-442B-8C2D-E779BCD1178D}.Debug|ARM.Build.0 = Debug|Any CPU
		{EDCD3803-CFDB-442B-8C2D-E779BCD1178D}.Debug|iPhone.ActiveCfg = Debug|Any CPU
		{EDCD3803-CFDB-442B-8C2D-E779BCD1178D}.Debug|iPhone.Build.0 = Debug|Any CPU
		{EDCD3803-CFDB-442B-8C2D-E779BCD1178D}.Debug|iPhoneSimulator.ActiveCfg = Debug|Any CPU
		{EDCD3803-CFDB-442B-8C2D-E779BCD1178D}.Debug|iPhoneSimulator.Build.0 = Debug|Any CPU
		{EDCD3803-CFDB-442B-8C2D-E779BCD1178D}.Debug|x64.ActiveCfg = Debug|Any CPU
		{EDCD3803-CFDB-442B-8C2D-E779BCD1178D}.Debug|x64.Build.0 = Debug|Any CPU
		{EDCD3803-CFDB-442B-8C2D-E779BCD1178D}.Debug|x86.ActiveCfg = Debug|Any CPU
		{EDCD3803-CFDB-442B-8C2D-E779BCD1178D}.Debug|x86.Build.0 = Debug|Any CPU
		{EDCD3803-CFDB-442B-8C2D-E779BCD1178D}.Release_Android|Any CPU.ActiveCfg = Release|Any CPU
		{EDCD3803-CFDB-442B-8C2D-E779BCD1178D}.Release_Android|Any CPU.Build.0 = Release|Any CPU
		{EDCD3803-CFDB-442B-8C2D-E779BCD1178D}.Release_Android|ARM.ActiveCfg = Release|Any CPU
		{EDCD3803-CFDB-442B-8C2D-E779BCD1178D}.Release_Android|ARM.Build.0 = Release|Any CPU
		{EDCD3803-CFDB-442B-8C2D-E779BCD1178D}.Release_Android|iPhone.ActiveCfg = Release|Any CPU
		{EDCD3803-CFDB-442B-8C2D-E779BCD1178D}.Release_Android|iPhone.Build.0 = Release|Any CPU
		{EDCD3803-CFDB-442B-8C2D-E779BCD1178D}.Release_Android|iPhoneSimulator.ActiveCfg = Release|Any CPU
		{EDCD3803-CFDB-442B-8C2D-E779BCD1178D}.Release_Android|iPhoneSimulator.Build.0 = Release|Any CPU
		{EDCD3803-CFDB-442B-8C2D-E779BCD1178D}.Release_Android|x64.ActiveCfg = Release|Any CPU
		{EDCD3803-CFDB-442B-8C2D-E779BCD1178D}.Release_Android|x64.Build.0 = Release|Any CPU
		{EDCD3803-CFDB-442B-8C2D-E779BCD1178D}.Release_Android|x86.ActiveCfg = Release|Any CPU
		{EDCD3803-CFDB-442B-8C2D-E779BCD1178D}.Release_Android|x86.Build.0 = Release|Any CPU
		{EDCD3803-CFDB-442B-8C2D-E779BCD1178D}.Release_iOS|Any CPU.ActiveCfg = Release|Any CPU
		{EDCD3803-CFDB-442B-8C2D-E779BCD1178D}.Release_iOS|Any CPU.Build.0 = Release|Any CPU
		{EDCD3803-CFDB-442B-8C2D-E779BCD1178D}.Release_iOS|ARM.ActiveCfg = Release|Any CPU
		{EDCD3803-CFDB-442B-8C2D-E779BCD1178D}.Release_iOS|ARM.Build.0 = Release|Any CPU
		{EDCD3803-CFDB-442B-8C2D-E779BCD1178D}.Release_iOS|iPhone.ActiveCfg = Release|Any CPU
		{EDCD3803-CFDB-442B-8C2D-E779BCD1178D}.Release_iOS|iPhone.Build.0 = Release|Any CPU
		{EDCD3803-CFDB-442B-8C2D-E779BCD1178D}.Release_iOS|iPhoneSimulator.ActiveCfg = Release|Any CPU
		{EDCD3803-CFDB-442B-8C2D-E779BCD1178D}.Release_iOS|iPhoneSimulator.Build.0 = Release|Any CPU
		{EDCD3803-CFDB-442B-8C2D-E779BCD1178D}.Release_iOS|x64.ActiveCfg = Release|Any CPU
		{EDCD3803-CFDB-442B-8C2D-E779BCD1178D}.Release_iOS|x64.Build.0 = Release|Any CPU
		{EDCD3803-CFDB-442B-8C2D-E779BCD1178D}.Release_iOS|x86.ActiveCfg = Release|Any CPU
		{EDCD3803-CFDB-442B-8C2D-E779BCD1178D}.Release_iOS|x86.Build.0 = Release|Any CPU
		{EDCD3803-CFDB-442B-8C2D-E779BCD1178D}.Release_Tests|Any CPU.ActiveCfg = Release|Any CPU
		{EDCD3803-CFDB-442B-8C2D-E779BCD1178D}.Release_Tests|Any CPU.Build.0 = Release|Any CPU
		{EDCD3803-CFDB-442B-8C2D-E779BCD1178D}.Release_Tests|ARM.ActiveCfg = Release|Any CPU
		{EDCD3803-CFDB-442B-8C2D-E779BCD1178D}.Release_Tests|ARM.Build.0 = Release|Any CPU
		{EDCD3803-CFDB-442B-8C2D-E779BCD1178D}.Release_Tests|iPhone.ActiveCfg = Release|Any CPU
		{EDCD3803-CFDB-442B-8C2D-E779BCD1178D}.Release_Tests|iPhone.Build.0 = Release|Any CPU
		{EDCD3803-CFDB-442B-8C2D-E779BCD1178D}.Release_Tests|iPhoneSimulator.ActiveCfg = Release|Any CPU
		{EDCD3803-CFDB-442B-8C2D-E779BCD1178D}.Release_Tests|iPhoneSimulator.Build.0 = Release|Any CPU
		{EDCD3803-CFDB-442B-8C2D-E779BCD1178D}.Release_Tests|x64.ActiveCfg = Release|Any CPU
		{EDCD3803-CFDB-442B-8C2D-E779BCD1178D}.Release_Tests|x64.Build.0 = Release|Any CPU
		{EDCD3803-CFDB-442B-8C2D-E779BCD1178D}.Release_Tests|x86.ActiveCfg = Release|Any CPU
		{EDCD3803-CFDB-442B-8C2D-E779BCD1178D}.Release_Tests|x86.Build.0 = Release|Any CPU
		{EDCD3803-CFDB-442B-8C2D-E779BCD1178D}.Release_UWP|Any CPU.ActiveCfg = Release|Any CPU
		{EDCD3803-CFDB-442B-8C2D-E779BCD1178D}.Release_UWP|Any CPU.Build.0 = Release|Any CPU
		{EDCD3803-CFDB-442B-8C2D-E779BCD1178D}.Release_UWP|ARM.ActiveCfg = Release|Any CPU
		{EDCD3803-CFDB-442B-8C2D-E779BCD1178D}.Release_UWP|ARM.Build.0 = Release|Any CPU
		{EDCD3803-CFDB-442B-8C2D-E779BCD1178D}.Release_UWP|iPhone.ActiveCfg = Release|Any CPU
		{EDCD3803-CFDB-442B-8C2D-E779BCD1178D}.Release_UWP|iPhone.Build.0 = Release|Any CPU
		{EDCD3803-CFDB-442B-8C2D-E779BCD1178D}.Release_UWP|iPhoneSimulator.ActiveCfg = Release|Any CPU
		{EDCD3803-CFDB-442B-8C2D-E779BCD1178D}.Release_UWP|iPhoneSimulator.Build.0 = Release|Any CPU
		{EDCD3803-CFDB-442B-8C2D-E779BCD1178D}.Release_UWP|x64.ActiveCfg = Release|Any CPU
		{EDCD3803-CFDB-442B-8C2D-E779BCD1178D}.Release_UWP|x64.Build.0 = Release|Any CPU
		{EDCD3803-CFDB-442B-8C2D-E779BCD1178D}.Release_UWP|x86.ActiveCfg = Release|Any CPU
		{EDCD3803-CFDB-442B-8C2D-E779BCD1178D}.Release_UWP|x86.Build.0 = Release|Any CPU
		{EDCD3803-CFDB-442B-8C2D-E779BCD1178D}.Release_WASM|Any CPU.ActiveCfg = Release|Any CPU
		{EDCD3803-CFDB-442B-8C2D-E779BCD1178D}.Release_WASM|Any CPU.Build.0 = Release|Any CPU
		{EDCD3803-CFDB-442B-8C2D-E779BCD1178D}.Release_WASM|ARM.ActiveCfg = Release|Any CPU
		{EDCD3803-CFDB-442B-8C2D-E779BCD1178D}.Release_WASM|ARM.Build.0 = Release|Any CPU
		{EDCD3803-CFDB-442B-8C2D-E779BCD1178D}.Release_WASM|iPhone.ActiveCfg = Release|Any CPU
		{EDCD3803-CFDB-442B-8C2D-E779BCD1178D}.Release_WASM|iPhone.Build.0 = Release|Any CPU
		{EDCD3803-CFDB-442B-8C2D-E779BCD1178D}.Release_WASM|iPhoneSimulator.ActiveCfg = Release|Any CPU
		{EDCD3803-CFDB-442B-8C2D-E779BCD1178D}.Release_WASM|iPhoneSimulator.Build.0 = Release|Any CPU
		{EDCD3803-CFDB-442B-8C2D-E779BCD1178D}.Release_WASM|x64.ActiveCfg = Release|Any CPU
		{EDCD3803-CFDB-442B-8C2D-E779BCD1178D}.Release_WASM|x64.Build.0 = Release|Any CPU
		{EDCD3803-CFDB-442B-8C2D-E779BCD1178D}.Release_WASM|x86.ActiveCfg = Release|Any CPU
		{EDCD3803-CFDB-442B-8C2D-E779BCD1178D}.Release_WASM|x86.Build.0 = Release|Any CPU
		{EDCD3803-CFDB-442B-8C2D-E779BCD1178D}.Release|Any CPU.ActiveCfg = Release|Any CPU
		{EDCD3803-CFDB-442B-8C2D-E779BCD1178D}.Release|Any CPU.Build.0 = Release|Any CPU
		{EDCD3803-CFDB-442B-8C2D-E779BCD1178D}.Release|ARM.ActiveCfg = Release|Any CPU
		{EDCD3803-CFDB-442B-8C2D-E779BCD1178D}.Release|ARM.Build.0 = Release|Any CPU
		{EDCD3803-CFDB-442B-8C2D-E779BCD1178D}.Release|iPhone.ActiveCfg = Release|Any CPU
		{EDCD3803-CFDB-442B-8C2D-E779BCD1178D}.Release|iPhone.Build.0 = Release|Any CPU
		{EDCD3803-CFDB-442B-8C2D-E779BCD1178D}.Release|iPhoneSimulator.ActiveCfg = Release|Any CPU
		{EDCD3803-CFDB-442B-8C2D-E779BCD1178D}.Release|iPhoneSimulator.Build.0 = Release|Any CPU
		{EDCD3803-CFDB-442B-8C2D-E779BCD1178D}.Release|x64.ActiveCfg = Release|Any CPU
		{EDCD3803-CFDB-442B-8C2D-E779BCD1178D}.Release|x64.Build.0 = Release|Any CPU
		{EDCD3803-CFDB-442B-8C2D-E779BCD1178D}.Release|x86.ActiveCfg = Release|Any CPU
		{EDCD3803-CFDB-442B-8C2D-E779BCD1178D}.Release|x86.Build.0 = Release|Any CPU
		{553AF3B8-D5E7-4737-94A5-2ED0B65267E9}.Debug|Any CPU.ActiveCfg = Debug|Any CPU
		{553AF3B8-D5E7-4737-94A5-2ED0B65267E9}.Debug|Any CPU.Build.0 = Debug|Any CPU
		{553AF3B8-D5E7-4737-94A5-2ED0B65267E9}.Debug|ARM.ActiveCfg = Debug|Any CPU
		{553AF3B8-D5E7-4737-94A5-2ED0B65267E9}.Debug|ARM.Build.0 = Debug|Any CPU
		{553AF3B8-D5E7-4737-94A5-2ED0B65267E9}.Debug|iPhone.ActiveCfg = Debug|Any CPU
		{553AF3B8-D5E7-4737-94A5-2ED0B65267E9}.Debug|iPhone.Build.0 = Debug|Any CPU
		{553AF3B8-D5E7-4737-94A5-2ED0B65267E9}.Debug|iPhoneSimulator.ActiveCfg = Debug|Any CPU
		{553AF3B8-D5E7-4737-94A5-2ED0B65267E9}.Debug|iPhoneSimulator.Build.0 = Debug|Any CPU
		{553AF3B8-D5E7-4737-94A5-2ED0B65267E9}.Debug|x64.ActiveCfg = Debug|Any CPU
		{553AF3B8-D5E7-4737-94A5-2ED0B65267E9}.Debug|x64.Build.0 = Debug|Any CPU
		{553AF3B8-D5E7-4737-94A5-2ED0B65267E9}.Debug|x86.ActiveCfg = Debug|Any CPU
		{553AF3B8-D5E7-4737-94A5-2ED0B65267E9}.Debug|x86.Build.0 = Debug|Any CPU
		{553AF3B8-D5E7-4737-94A5-2ED0B65267E9}.Release_Android|Any CPU.ActiveCfg = Release|Any CPU
		{553AF3B8-D5E7-4737-94A5-2ED0B65267E9}.Release_Android|Any CPU.Build.0 = Release|Any CPU
		{553AF3B8-D5E7-4737-94A5-2ED0B65267E9}.Release_Android|ARM.ActiveCfg = Release|Any CPU
		{553AF3B8-D5E7-4737-94A5-2ED0B65267E9}.Release_Android|ARM.Build.0 = Release|Any CPU
		{553AF3B8-D5E7-4737-94A5-2ED0B65267E9}.Release_Android|iPhone.ActiveCfg = Release|Any CPU
		{553AF3B8-D5E7-4737-94A5-2ED0B65267E9}.Release_Android|iPhone.Build.0 = Release|Any CPU
		{553AF3B8-D5E7-4737-94A5-2ED0B65267E9}.Release_Android|iPhoneSimulator.ActiveCfg = Release|Any CPU
		{553AF3B8-D5E7-4737-94A5-2ED0B65267E9}.Release_Android|iPhoneSimulator.Build.0 = Release|Any CPU
		{553AF3B8-D5E7-4737-94A5-2ED0B65267E9}.Release_Android|x64.ActiveCfg = Release|Any CPU
		{553AF3B8-D5E7-4737-94A5-2ED0B65267E9}.Release_Android|x64.Build.0 = Release|Any CPU
		{553AF3B8-D5E7-4737-94A5-2ED0B65267E9}.Release_Android|x86.ActiveCfg = Release|Any CPU
		{553AF3B8-D5E7-4737-94A5-2ED0B65267E9}.Release_Android|x86.Build.0 = Release|Any CPU
		{553AF3B8-D5E7-4737-94A5-2ED0B65267E9}.Release_iOS|Any CPU.ActiveCfg = Release|Any CPU
		{553AF3B8-D5E7-4737-94A5-2ED0B65267E9}.Release_iOS|Any CPU.Build.0 = Release|Any CPU
		{553AF3B8-D5E7-4737-94A5-2ED0B65267E9}.Release_iOS|ARM.ActiveCfg = Release|Any CPU
		{553AF3B8-D5E7-4737-94A5-2ED0B65267E9}.Release_iOS|ARM.Build.0 = Release|Any CPU
		{553AF3B8-D5E7-4737-94A5-2ED0B65267E9}.Release_iOS|iPhone.ActiveCfg = Release|Any CPU
		{553AF3B8-D5E7-4737-94A5-2ED0B65267E9}.Release_iOS|iPhone.Build.0 = Release|Any CPU
		{553AF3B8-D5E7-4737-94A5-2ED0B65267E9}.Release_iOS|iPhoneSimulator.ActiveCfg = Release|Any CPU
		{553AF3B8-D5E7-4737-94A5-2ED0B65267E9}.Release_iOS|iPhoneSimulator.Build.0 = Release|Any CPU
		{553AF3B8-D5E7-4737-94A5-2ED0B65267E9}.Release_iOS|x64.ActiveCfg = Release|Any CPU
		{553AF3B8-D5E7-4737-94A5-2ED0B65267E9}.Release_iOS|x64.Build.0 = Release|Any CPU
		{553AF3B8-D5E7-4737-94A5-2ED0B65267E9}.Release_iOS|x86.ActiveCfg = Release|Any CPU
		{553AF3B8-D5E7-4737-94A5-2ED0B65267E9}.Release_iOS|x86.Build.0 = Release|Any CPU
		{553AF3B8-D5E7-4737-94A5-2ED0B65267E9}.Release_Tests|Any CPU.ActiveCfg = Release|Any CPU
		{553AF3B8-D5E7-4737-94A5-2ED0B65267E9}.Release_Tests|Any CPU.Build.0 = Release|Any CPU
		{553AF3B8-D5E7-4737-94A5-2ED0B65267E9}.Release_Tests|ARM.ActiveCfg = Release|Any CPU
		{553AF3B8-D5E7-4737-94A5-2ED0B65267E9}.Release_Tests|ARM.Build.0 = Release|Any CPU
		{553AF3B8-D5E7-4737-94A5-2ED0B65267E9}.Release_Tests|iPhone.ActiveCfg = Release|Any CPU
		{553AF3B8-D5E7-4737-94A5-2ED0B65267E9}.Release_Tests|iPhone.Build.0 = Release|Any CPU
		{553AF3B8-D5E7-4737-94A5-2ED0B65267E9}.Release_Tests|iPhoneSimulator.ActiveCfg = Release|Any CPU
		{553AF3B8-D5E7-4737-94A5-2ED0B65267E9}.Release_Tests|iPhoneSimulator.Build.0 = Release|Any CPU
		{553AF3B8-D5E7-4737-94A5-2ED0B65267E9}.Release_Tests|x64.ActiveCfg = Release|Any CPU
		{553AF3B8-D5E7-4737-94A5-2ED0B65267E9}.Release_Tests|x64.Build.0 = Release|Any CPU
		{553AF3B8-D5E7-4737-94A5-2ED0B65267E9}.Release_Tests|x86.ActiveCfg = Release|Any CPU
		{553AF3B8-D5E7-4737-94A5-2ED0B65267E9}.Release_Tests|x86.Build.0 = Release|Any CPU
		{553AF3B8-D5E7-4737-94A5-2ED0B65267E9}.Release_UWP|Any CPU.ActiveCfg = Release|Any CPU
		{553AF3B8-D5E7-4737-94A5-2ED0B65267E9}.Release_UWP|Any CPU.Build.0 = Release|Any CPU
		{553AF3B8-D5E7-4737-94A5-2ED0B65267E9}.Release_UWP|ARM.ActiveCfg = Release|Any CPU
		{553AF3B8-D5E7-4737-94A5-2ED0B65267E9}.Release_UWP|ARM.Build.0 = Release|Any CPU
		{553AF3B8-D5E7-4737-94A5-2ED0B65267E9}.Release_UWP|iPhone.ActiveCfg = Release|Any CPU
		{553AF3B8-D5E7-4737-94A5-2ED0B65267E9}.Release_UWP|iPhone.Build.0 = Release|Any CPU
		{553AF3B8-D5E7-4737-94A5-2ED0B65267E9}.Release_UWP|iPhoneSimulator.ActiveCfg = Release|Any CPU
		{553AF3B8-D5E7-4737-94A5-2ED0B65267E9}.Release_UWP|iPhoneSimulator.Build.0 = Release|Any CPU
		{553AF3B8-D5E7-4737-94A5-2ED0B65267E9}.Release_UWP|x64.ActiveCfg = Release|Any CPU
		{553AF3B8-D5E7-4737-94A5-2ED0B65267E9}.Release_UWP|x64.Build.0 = Release|Any CPU
		{553AF3B8-D5E7-4737-94A5-2ED0B65267E9}.Release_UWP|x86.ActiveCfg = Release|Any CPU
		{553AF3B8-D5E7-4737-94A5-2ED0B65267E9}.Release_UWP|x86.Build.0 = Release|Any CPU
		{553AF3B8-D5E7-4737-94A5-2ED0B65267E9}.Release_WASM|Any CPU.ActiveCfg = Release|Any CPU
		{553AF3B8-D5E7-4737-94A5-2ED0B65267E9}.Release_WASM|Any CPU.Build.0 = Release|Any CPU
		{553AF3B8-D5E7-4737-94A5-2ED0B65267E9}.Release_WASM|ARM.ActiveCfg = Release|Any CPU
		{553AF3B8-D5E7-4737-94A5-2ED0B65267E9}.Release_WASM|ARM.Build.0 = Release|Any CPU
		{553AF3B8-D5E7-4737-94A5-2ED0B65267E9}.Release_WASM|iPhone.ActiveCfg = Release|Any CPU
		{553AF3B8-D5E7-4737-94A5-2ED0B65267E9}.Release_WASM|iPhone.Build.0 = Release|Any CPU
		{553AF3B8-D5E7-4737-94A5-2ED0B65267E9}.Release_WASM|iPhoneSimulator.ActiveCfg = Release|Any CPU
		{553AF3B8-D5E7-4737-94A5-2ED0B65267E9}.Release_WASM|iPhoneSimulator.Build.0 = Release|Any CPU
		{553AF3B8-D5E7-4737-94A5-2ED0B65267E9}.Release_WASM|x64.ActiveCfg = Release|Any CPU
		{553AF3B8-D5E7-4737-94A5-2ED0B65267E9}.Release_WASM|x64.Build.0 = Release|Any CPU
		{553AF3B8-D5E7-4737-94A5-2ED0B65267E9}.Release_WASM|x86.ActiveCfg = Release|Any CPU
		{553AF3B8-D5E7-4737-94A5-2ED0B65267E9}.Release_WASM|x86.Build.0 = Release|Any CPU
		{553AF3B8-D5E7-4737-94A5-2ED0B65267E9}.Release|Any CPU.ActiveCfg = Release|Any CPU
		{553AF3B8-D5E7-4737-94A5-2ED0B65267E9}.Release|Any CPU.Build.0 = Release|Any CPU
		{553AF3B8-D5E7-4737-94A5-2ED0B65267E9}.Release|ARM.ActiveCfg = Release|Any CPU
		{553AF3B8-D5E7-4737-94A5-2ED0B65267E9}.Release|ARM.Build.0 = Release|Any CPU
		{553AF3B8-D5E7-4737-94A5-2ED0B65267E9}.Release|iPhone.ActiveCfg = Release|Any CPU
		{553AF3B8-D5E7-4737-94A5-2ED0B65267E9}.Release|iPhone.Build.0 = Release|Any CPU
		{553AF3B8-D5E7-4737-94A5-2ED0B65267E9}.Release|iPhoneSimulator.ActiveCfg = Release|Any CPU
		{553AF3B8-D5E7-4737-94A5-2ED0B65267E9}.Release|iPhoneSimulator.Build.0 = Release|Any CPU
		{553AF3B8-D5E7-4737-94A5-2ED0B65267E9}.Release|x64.ActiveCfg = Release|Any CPU
		{553AF3B8-D5E7-4737-94A5-2ED0B65267E9}.Release|x64.Build.0 = Release|Any CPU
		{553AF3B8-D5E7-4737-94A5-2ED0B65267E9}.Release|x86.ActiveCfg = Release|Any CPU
		{553AF3B8-D5E7-4737-94A5-2ED0B65267E9}.Release|x86.Build.0 = Release|Any CPU
		{AB67372C-6CF2-46A5-BC86-7CD257AF3FF0}.Debug|Any CPU.ActiveCfg = Debug|Any CPU
		{AB67372C-6CF2-46A5-BC86-7CD257AF3FF0}.Debug|Any CPU.Build.0 = Debug|Any CPU
		{AB67372C-6CF2-46A5-BC86-7CD257AF3FF0}.Debug|ARM.ActiveCfg = Debug|Any CPU
		{AB67372C-6CF2-46A5-BC86-7CD257AF3FF0}.Debug|ARM.Build.0 = Debug|Any CPU
		{AB67372C-6CF2-46A5-BC86-7CD257AF3FF0}.Debug|iPhone.ActiveCfg = Debug|Any CPU
		{AB67372C-6CF2-46A5-BC86-7CD257AF3FF0}.Debug|iPhone.Build.0 = Debug|Any CPU
		{AB67372C-6CF2-46A5-BC86-7CD257AF3FF0}.Debug|iPhoneSimulator.ActiveCfg = Debug|Any CPU
		{AB67372C-6CF2-46A5-BC86-7CD257AF3FF0}.Debug|iPhoneSimulator.Build.0 = Debug|Any CPU
		{AB67372C-6CF2-46A5-BC86-7CD257AF3FF0}.Debug|x64.ActiveCfg = Debug|Any CPU
		{AB67372C-6CF2-46A5-BC86-7CD257AF3FF0}.Debug|x64.Build.0 = Debug|Any CPU
		{AB67372C-6CF2-46A5-BC86-7CD257AF3FF0}.Debug|x86.ActiveCfg = Debug|Any CPU
		{AB67372C-6CF2-46A5-BC86-7CD257AF3FF0}.Debug|x86.Build.0 = Debug|Any CPU
		{AB67372C-6CF2-46A5-BC86-7CD257AF3FF0}.Release_Android|Any CPU.ActiveCfg = Release|Any CPU
		{AB67372C-6CF2-46A5-BC86-7CD257AF3FF0}.Release_Android|Any CPU.Build.0 = Release|Any CPU
		{AB67372C-6CF2-46A5-BC86-7CD257AF3FF0}.Release_Android|ARM.ActiveCfg = Release|Any CPU
		{AB67372C-6CF2-46A5-BC86-7CD257AF3FF0}.Release_Android|ARM.Build.0 = Release|Any CPU
		{AB67372C-6CF2-46A5-BC86-7CD257AF3FF0}.Release_Android|iPhone.ActiveCfg = Release|Any CPU
		{AB67372C-6CF2-46A5-BC86-7CD257AF3FF0}.Release_Android|iPhone.Build.0 = Release|Any CPU
		{AB67372C-6CF2-46A5-BC86-7CD257AF3FF0}.Release_Android|iPhoneSimulator.ActiveCfg = Release|Any CPU
		{AB67372C-6CF2-46A5-BC86-7CD257AF3FF0}.Release_Android|iPhoneSimulator.Build.0 = Release|Any CPU
		{AB67372C-6CF2-46A5-BC86-7CD257AF3FF0}.Release_Android|x64.ActiveCfg = Release|Any CPU
		{AB67372C-6CF2-46A5-BC86-7CD257AF3FF0}.Release_Android|x64.Build.0 = Release|Any CPU
		{AB67372C-6CF2-46A5-BC86-7CD257AF3FF0}.Release_Android|x86.ActiveCfg = Release|Any CPU
		{AB67372C-6CF2-46A5-BC86-7CD257AF3FF0}.Release_Android|x86.Build.0 = Release|Any CPU
		{AB67372C-6CF2-46A5-BC86-7CD257AF3FF0}.Release_iOS|Any CPU.ActiveCfg = Release|Any CPU
		{AB67372C-6CF2-46A5-BC86-7CD257AF3FF0}.Release_iOS|Any CPU.Build.0 = Release|Any CPU
		{AB67372C-6CF2-46A5-BC86-7CD257AF3FF0}.Release_iOS|ARM.ActiveCfg = Release|Any CPU
		{AB67372C-6CF2-46A5-BC86-7CD257AF3FF0}.Release_iOS|ARM.Build.0 = Release|Any CPU
		{AB67372C-6CF2-46A5-BC86-7CD257AF3FF0}.Release_iOS|iPhone.ActiveCfg = Release|Any CPU
		{AB67372C-6CF2-46A5-BC86-7CD257AF3FF0}.Release_iOS|iPhone.Build.0 = Release|Any CPU
		{AB67372C-6CF2-46A5-BC86-7CD257AF3FF0}.Release_iOS|iPhoneSimulator.ActiveCfg = Release|Any CPU
		{AB67372C-6CF2-46A5-BC86-7CD257AF3FF0}.Release_iOS|iPhoneSimulator.Build.0 = Release|Any CPU
		{AB67372C-6CF2-46A5-BC86-7CD257AF3FF0}.Release_iOS|x64.ActiveCfg = Release|Any CPU
		{AB67372C-6CF2-46A5-BC86-7CD257AF3FF0}.Release_iOS|x64.Build.0 = Release|Any CPU
		{AB67372C-6CF2-46A5-BC86-7CD257AF3FF0}.Release_iOS|x86.ActiveCfg = Release|Any CPU
		{AB67372C-6CF2-46A5-BC86-7CD257AF3FF0}.Release_iOS|x86.Build.0 = Release|Any CPU
		{AB67372C-6CF2-46A5-BC86-7CD257AF3FF0}.Release_Tests|Any CPU.ActiveCfg = Release|Any CPU
		{AB67372C-6CF2-46A5-BC86-7CD257AF3FF0}.Release_Tests|Any CPU.Build.0 = Release|Any CPU
		{AB67372C-6CF2-46A5-BC86-7CD257AF3FF0}.Release_Tests|ARM.ActiveCfg = Release|Any CPU
		{AB67372C-6CF2-46A5-BC86-7CD257AF3FF0}.Release_Tests|ARM.Build.0 = Release|Any CPU
		{AB67372C-6CF2-46A5-BC86-7CD257AF3FF0}.Release_Tests|iPhone.ActiveCfg = Release|Any CPU
		{AB67372C-6CF2-46A5-BC86-7CD257AF3FF0}.Release_Tests|iPhone.Build.0 = Release|Any CPU
		{AB67372C-6CF2-46A5-BC86-7CD257AF3FF0}.Release_Tests|iPhoneSimulator.ActiveCfg = Release|Any CPU
		{AB67372C-6CF2-46A5-BC86-7CD257AF3FF0}.Release_Tests|iPhoneSimulator.Build.0 = Release|Any CPU
		{AB67372C-6CF2-46A5-BC86-7CD257AF3FF0}.Release_Tests|x64.ActiveCfg = Release|Any CPU
		{AB67372C-6CF2-46A5-BC86-7CD257AF3FF0}.Release_Tests|x64.Build.0 = Release|Any CPU
		{AB67372C-6CF2-46A5-BC86-7CD257AF3FF0}.Release_Tests|x86.ActiveCfg = Release|Any CPU
		{AB67372C-6CF2-46A5-BC86-7CD257AF3FF0}.Release_Tests|x86.Build.0 = Release|Any CPU
		{AB67372C-6CF2-46A5-BC86-7CD257AF3FF0}.Release_UWP|Any CPU.ActiveCfg = Release|Any CPU
		{AB67372C-6CF2-46A5-BC86-7CD257AF3FF0}.Release_UWP|Any CPU.Build.0 = Release|Any CPU
		{AB67372C-6CF2-46A5-BC86-7CD257AF3FF0}.Release_UWP|ARM.ActiveCfg = Release|Any CPU
		{AB67372C-6CF2-46A5-BC86-7CD257AF3FF0}.Release_UWP|ARM.Build.0 = Release|Any CPU
		{AB67372C-6CF2-46A5-BC86-7CD257AF3FF0}.Release_UWP|iPhone.ActiveCfg = Release|Any CPU
		{AB67372C-6CF2-46A5-BC86-7CD257AF3FF0}.Release_UWP|iPhone.Build.0 = Release|Any CPU
		{AB67372C-6CF2-46A5-BC86-7CD257AF3FF0}.Release_UWP|iPhoneSimulator.ActiveCfg = Release|Any CPU
		{AB67372C-6CF2-46A5-BC86-7CD257AF3FF0}.Release_UWP|iPhoneSimulator.Build.0 = Release|Any CPU
		{AB67372C-6CF2-46A5-BC86-7CD257AF3FF0}.Release_UWP|x64.ActiveCfg = Release|Any CPU
		{AB67372C-6CF2-46A5-BC86-7CD257AF3FF0}.Release_UWP|x64.Build.0 = Release|Any CPU
		{AB67372C-6CF2-46A5-BC86-7CD257AF3FF0}.Release_UWP|x86.ActiveCfg = Release|Any CPU
		{AB67372C-6CF2-46A5-BC86-7CD257AF3FF0}.Release_UWP|x86.Build.0 = Release|Any CPU
		{AB67372C-6CF2-46A5-BC86-7CD257AF3FF0}.Release_WASM|Any CPU.ActiveCfg = Release|Any CPU
		{AB67372C-6CF2-46A5-BC86-7CD257AF3FF0}.Release_WASM|Any CPU.Build.0 = Release|Any CPU
		{AB67372C-6CF2-46A5-BC86-7CD257AF3FF0}.Release_WASM|ARM.ActiveCfg = Release|Any CPU
		{AB67372C-6CF2-46A5-BC86-7CD257AF3FF0}.Release_WASM|ARM.Build.0 = Release|Any CPU
		{AB67372C-6CF2-46A5-BC86-7CD257AF3FF0}.Release_WASM|iPhone.ActiveCfg = Release|Any CPU
		{AB67372C-6CF2-46A5-BC86-7CD257AF3FF0}.Release_WASM|iPhone.Build.0 = Release|Any CPU
		{AB67372C-6CF2-46A5-BC86-7CD257AF3FF0}.Release_WASM|iPhoneSimulator.ActiveCfg = Release|Any CPU
		{AB67372C-6CF2-46A5-BC86-7CD257AF3FF0}.Release_WASM|iPhoneSimulator.Build.0 = Release|Any CPU
		{AB67372C-6CF2-46A5-BC86-7CD257AF3FF0}.Release_WASM|x64.ActiveCfg = Release|Any CPU
		{AB67372C-6CF2-46A5-BC86-7CD257AF3FF0}.Release_WASM|x64.Build.0 = Release|Any CPU
		{AB67372C-6CF2-46A5-BC86-7CD257AF3FF0}.Release_WASM|x86.ActiveCfg = Release|Any CPU
		{AB67372C-6CF2-46A5-BC86-7CD257AF3FF0}.Release_WASM|x86.Build.0 = Release|Any CPU
		{AB67372C-6CF2-46A5-BC86-7CD257AF3FF0}.Release|Any CPU.ActiveCfg = Release|Any CPU
		{AB67372C-6CF2-46A5-BC86-7CD257AF3FF0}.Release|Any CPU.Build.0 = Release|Any CPU
		{AB67372C-6CF2-46A5-BC86-7CD257AF3FF0}.Release|ARM.ActiveCfg = Release|Any CPU
		{AB67372C-6CF2-46A5-BC86-7CD257AF3FF0}.Release|ARM.Build.0 = Release|Any CPU
		{AB67372C-6CF2-46A5-BC86-7CD257AF3FF0}.Release|iPhone.ActiveCfg = Release|Any CPU
		{AB67372C-6CF2-46A5-BC86-7CD257AF3FF0}.Release|iPhone.Build.0 = Release|Any CPU
		{AB67372C-6CF2-46A5-BC86-7CD257AF3FF0}.Release|iPhoneSimulator.ActiveCfg = Release|Any CPU
		{AB67372C-6CF2-46A5-BC86-7CD257AF3FF0}.Release|iPhoneSimulator.Build.0 = Release|Any CPU
		{AB67372C-6CF2-46A5-BC86-7CD257AF3FF0}.Release|x64.ActiveCfg = Release|Any CPU
		{AB67372C-6CF2-46A5-BC86-7CD257AF3FF0}.Release|x64.Build.0 = Release|Any CPU
		{AB67372C-6CF2-46A5-BC86-7CD257AF3FF0}.Release|x86.ActiveCfg = Release|Any CPU
		{AB67372C-6CF2-46A5-BC86-7CD257AF3FF0}.Release|x86.Build.0 = Release|Any CPU
	EndGlobalSection
	GlobalSection(SolutionProperties) = preSolution
		HideSolutionNode = FALSE
	EndGlobalSection
	GlobalSection(NestedProjects) = preSolution
		{E020FFC0-80C4-45D8-AFA9-A6954935FDDE} = {961D0213-0BCB-4CE1-85E2-261F6E272982}
		{B7F111B6-6C94-41E1-BB0B-1895415D8261} = {961D0213-0BCB-4CE1-85E2-261F6E272982}
		{666B7587-AAB4-485B-AA47-10F58793FA35} = {13F4CC20-8D55-48F0-BFC6-A50B81EAE026}
		{C76E144C-92AD-4B8F-93F4-232D1CCDDAF0} = {961D0213-0BCB-4CE1-85E2-261F6E272982}
		{746587E0-B8E4-4A78-A7EA-DBC356367712} = {D0BDE23D-F91F-4E0B-A38F-538D2605703B}
		{AD16BCE5-0D8E-4552-AA10-D0ED5B40C2D5} = {13F4CC20-8D55-48F0-BFC6-A50B81EAE026}
		{EDCD3803-CFDB-442B-8C2D-E779BCD1178D} = {D0BDE23D-F91F-4E0B-A38F-538D2605703B}
		{553AF3B8-D5E7-4737-94A5-2ED0B65267E9} = {D0BDE23D-F91F-4E0B-A38F-538D2605703B}
		{AB67372C-6CF2-46A5-BC86-7CD257AF3FF0} = {D0BDE23D-F91F-4E0B-A38F-538D2605703B}
	EndGlobalSection
	GlobalSection(ExtensibilityGlobals) = postSolution
		SolutionGuid = {E8F5BE10-8B4B-4587-B7B4-09CA39838210}
	EndGlobalSection
	GlobalSection(SharedMSBuildProjectFiles) = preSolution
		app\ApplicationTemplate.Shared.Views\ApplicationTemplate.Shared.Views.projitems*{746587e0-b8e4-4a78-a7ea-dbc356367712}*SharedItemsImports = 13
		app\ApplicationTemplate.Shared.Views\ApplicationTemplate.Shared.Views.projitems*{b7f111b6-6c94-41e1-bb0b-1895415d8261}*SharedItemsImports = 4
		app\ApplicationTemplate.Shared.Views\ApplicationTemplate.Shared.Views.projitems*{c76e144c-92ad-4b8f-93f4-232d1ccddaf0}*SharedItemsImports = 4
		app\ApplicationTemplate.Shared.Views\ApplicationTemplate.Shared.Views.projitems*{e020ffc0-80c4-45d8-afa9-a6954935fdde}*SharedItemsImports = 4
	EndGlobalSection
EndGlobal
